// !$*UTF8*$!
{
	archiveVersion = 1;
	classes = {
	};
	objectVersion = 46;
	objects = {

/* Begin PBXBuildFile section */
		7B3329F01D2968EA00D76A10 /* main.m in Sources */ = {isa = PBXBuildFile; fileRef = 7B3329EF1D2968EA00D76A10 /* main.m */; };
		7B3329F91D2968EA00D76A10 /* Main.storyboard in Resources */ = {isa = PBXBuildFile; fileRef = 7B3329F71D2968EA00D76A10 /* Main.storyboard */; };
		7B3329FB1D2968EA00D76A10 /* Assets.xcassets in Resources */ = {isa = PBXBuildFile; fileRef = 7B3329FA1D2968EA00D76A10 /* Assets.xcassets */; };
		7B3329FE1D2968EA00D76A10 /* LaunchScreen.storyboard in Resources */ = {isa = PBXBuildFile; fileRef = 7B3329FC1D2968EA00D76A10 /* LaunchScreen.storyboard */; };
		7B332A141D2968EB00D76A10 /* OMDb_iOSUITests.m in Sources */ = {isa = PBXBuildFile; fileRef = 7B332A131D2968EB00D76A10 /* OMDb_iOSUITests.m */; };
		7B332A271D296A2E00D76A10 /* AppDelegate.m in Sources */ = {isa = PBXBuildFile; fileRef = 7B332A261D296A2E00D76A10 /* AppDelegate.m */; };
		7B332A2A1D296A4000D76A10 /* MoviesViewController.m in Sources */ = {isa = PBXBuildFile; fileRef = 7B332A291D296A4000D76A10 /* MoviesViewController.m */; };
		7B332A2F1D296B4700D76A10 /* GenericViewController.m in Sources */ = {isa = PBXBuildFile; fileRef = 7B332A2E1D296B4700D76A10 /* GenericViewController.m */; };
		7B332A321D296B7300D76A10 /* GenericViewControllerTests.m in Sources */ = {isa = PBXBuildFile; fileRef = 7B332A311D296B7300D76A10 /* GenericViewControllerTests.m */; };
		7B332A341D296B8500D76A10 /* MoviesViewControllerTests.m in Sources */ = {isa = PBXBuildFile; fileRef = 7B332A331D296B8500D76A10 /* MoviesViewControllerTests.m */; };
		7B332A351D296BB000D76A10 /* GenericViewController.m in Sources */ = {isa = PBXBuildFile; fileRef = 7B332A2E1D296B4700D76A10 /* GenericViewController.m */; };
		7B332A361D296BB500D76A10 /* MoviesViewController.m in Sources */ = {isa = PBXBuildFile; fileRef = 7B332A291D296A4000D76A10 /* MoviesViewController.m */; };
/* End PBXBuildFile section */

/* Begin PBXContainerItemProxy section */
		7B332A051D2968EA00D76A10 /* PBXContainerItemProxy */ = {
			isa = PBXContainerItemProxy;
			containerPortal = 7B3329E31D2968EA00D76A10 /* Project object */;
			proxyType = 1;
			remoteGlobalIDString = 7B3329EA1D2968EA00D76A10;
			remoteInfo = "OMDb-iOS";
		};
		7B332A101D2968EB00D76A10 /* PBXContainerItemProxy */ = {
			isa = PBXContainerItemProxy;
			containerPortal = 7B3329E31D2968EA00D76A10 /* Project object */;
			proxyType = 1;
			remoteGlobalIDString = 7B3329EA1D2968EA00D76A10;
			remoteInfo = "OMDb-iOS";
		};
/* End PBXContainerItemProxy section */

/* Begin PBXFileReference section */
		7B3329EB1D2968EA00D76A10 /* OMDb-iOS.app */ = {isa = PBXFileReference; explicitFileType = wrapper.application; includeInIndex = 0; path = "OMDb-iOS.app"; sourceTree = BUILT_PRODUCTS_DIR; };
		7B3329EF1D2968EA00D76A10 /* main.m */ = {isa = PBXFileReference; lastKnownFileType = sourcecode.c.objc; path = main.m; sourceTree = "<group>"; };
		7B3329F81D2968EA00D76A10 /* Base */ = {isa = PBXFileReference; lastKnownFileType = file.storyboard; name = Base; path = Base.lproj/Main.storyboard; sourceTree = "<group>"; };
		7B3329FA1D2968EA00D76A10 /* Assets.xcassets */ = {isa = PBXFileReference; lastKnownFileType = folder.assetcatalog; path = Assets.xcassets; sourceTree = "<group>"; };
		7B3329FD1D2968EA00D76A10 /* Base */ = {isa = PBXFileReference; lastKnownFileType = file.storyboard; name = Base; path = Base.lproj/LaunchScreen.storyboard; sourceTree = "<group>"; };
		7B3329FF1D2968EA00D76A10 /* Info.plist */ = {isa = PBXFileReference; lastKnownFileType = text.plist.xml; path = Info.plist; sourceTree = "<group>"; };
		7B332A041D2968EA00D76A10 /* OMDb-iOSTests.xctest */ = {isa = PBXFileReference; explicitFileType = wrapper.cfbundle; includeInIndex = 0; path = "OMDb-iOSTests.xctest"; sourceTree = BUILT_PRODUCTS_DIR; };
		7B332A0A1D2968EA00D76A10 /* Info.plist */ = {isa = PBXFileReference; lastKnownFileType = text.plist.xml; path = Info.plist; sourceTree = "<group>"; };
		7B332A0F1D2968EB00D76A10 /* OMDb-iOSUITests.xctest */ = {isa = PBXFileReference; explicitFileType = wrapper.cfbundle; includeInIndex = 0; path = "OMDb-iOSUITests.xctest"; sourceTree = BUILT_PRODUCTS_DIR; };
		7B332A131D2968EB00D76A10 /* OMDb_iOSUITests.m */ = {isa = PBXFileReference; lastKnownFileType = sourcecode.c.objc; path = OMDb_iOSUITests.m; sourceTree = "<group>"; };
		7B332A151D2968EB00D76A10 /* Info.plist */ = {isa = PBXFileReference; lastKnownFileType = text.plist.xml; path = Info.plist; sourceTree = "<group>"; };
		7B332A251D296A2E00D76A10 /* AppDelegate.h */ = {isa = PBXFileReference; fileEncoding = 4; lastKnownFileType = sourcecode.c.h; name = AppDelegate.h; path = AppDelegate/AppDelegate.h; sourceTree = "<group>"; };
		7B332A261D296A2E00D76A10 /* AppDelegate.m */ = {isa = PBXFileReference; fileEncoding = 4; lastKnownFileType = sourcecode.c.objc; name = AppDelegate.m; path = AppDelegate/AppDelegate.m; sourceTree = "<group>"; };
		7B332A281D296A4000D76A10 /* MoviesViewController.h */ = {isa = PBXFileReference; fileEncoding = 4; lastKnownFileType = sourcecode.c.h; name = MoviesViewController.h; path = Controller/MoviesViewController.h; sourceTree = "<group>"; };
		7B332A291D296A4000D76A10 /* MoviesViewController.m */ = {isa = PBXFileReference; fileEncoding = 4; lastKnownFileType = sourcecode.c.objc; name = MoviesViewController.m; path = Controller/MoviesViewController.m; sourceTree = "<group>"; };
		7B332A2D1D296B4700D76A10 /* GenericViewController.h */ = {isa = PBXFileReference; fileEncoding = 4; lastKnownFileType = sourcecode.c.h; name = GenericViewController.h; path = Controller/GenericViewController.h; sourceTree = "<group>"; };
		7B332A2E1D296B4700D76A10 /* GenericViewController.m */ = {isa = PBXFileReference; fileEncoding = 4; lastKnownFileType = sourcecode.c.objc; name = GenericViewController.m; path = Controller/GenericViewController.m; sourceTree = "<group>"; };
		7B332A311D296B7300D76A10 /* GenericViewControllerTests.m */ = {isa = PBXFileReference; fileEncoding = 4; lastKnownFileType = sourcecode.c.objc; path = GenericViewControllerTests.m; sourceTree = "<group>"; };
		7B332A331D296B8500D76A10 /* MoviesViewControllerTests.m */ = {isa = PBXFileReference; fileEncoding = 4; lastKnownFileType = sourcecode.c.objc; path = MoviesViewControllerTests.m; sourceTree = "<group>"; };
/* End PBXFileReference section */

/* Begin PBXFrameworksBuildPhase section */
		7B3329E81D2968EA00D76A10 /* Frameworks */ = {
			isa = PBXFrameworksBuildPhase;
			buildActionMask = 2147483647;
			files = (
			);
			runOnlyForDeploymentPostprocessing = 0;
		};
		7B332A011D2968EA00D76A10 /* Frameworks */ = {
			isa = PBXFrameworksBuildPhase;
			buildActionMask = 2147483647;
			files = (
			);
			runOnlyForDeploymentPostprocessing = 0;
		};
		7B332A0C1D2968EB00D76A10 /* Frameworks */ = {
			isa = PBXFrameworksBuildPhase;
			buildActionMask = 2147483647;
			files = (
			);
			runOnlyForDeploymentPostprocessing = 0;
		};
/* End PBXFrameworksBuildPhase section */

/* Begin PBXGroup section */
		7B3329E21D2968EA00D76A10 = {
			isa = PBXGroup;
			children = (
				7B3329ED1D2968EA00D76A10 /* OMDb-iOS */,
				7B332A071D2968EA00D76A10 /* OMDb-iOSTests */,
				7B332A121D2968EB00D76A10 /* OMDb-iOSUITests */,
				7B3329EC1D2968EA00D76A10 /* Products */,
			);
			sourceTree = "<group>";
		};
		7B3329EC1D2968EA00D76A10 /* Products */ = {
			isa = PBXGroup;
			children = (
				7B3329EB1D2968EA00D76A10 /* OMDb-iOS.app */,
				7B332A041D2968EA00D76A10 /* OMDb-iOSTests.xctest */,
				7B332A0F1D2968EB00D76A10 /* OMDb-iOSUITests.xctest */,
			);
			name = Products;
			sourceTree = "<group>";
		};
		7B3329ED1D2968EA00D76A10 /* OMDb-iOS */ = {
			isa = PBXGroup;
			children = (
				7B332A211D29696400D76A10 /* AppDelegate */,
				7B332A221D29697100D76A10 /* Controller */,
				7B332A241D29699000D76A10 /* Resources */,
				7B332A231D29697F00D76A10 /* Storyboard */,
			);
			path = "OMDb-iOS";
			sourceTree = "<group>";
		};
		7B3329EE1D2968EA00D76A10 /* Supporting Files */ = {
			isa = PBXGroup;
			children = (
				7B3329EF1D2968EA00D76A10 /* main.m */,
			);
			name = "Supporting Files";
			sourceTree = "<group>";
		};
		7B332A071D2968EA00D76A10 /* OMDb-iOSTests */ = {
			isa = PBXGroup;
			children = (
				7B332A301D296B5300D76A10 /* Controller */,
				7B332A0A1D2968EA00D76A10 /* Info.plist */,
			);
			path = "OMDb-iOSTests";
			sourceTree = "<group>";
		};
		7B332A121D2968EB00D76A10 /* OMDb-iOSUITests */ = {
			isa = PBXGroup;
			children = (
				7B332A131D2968EB00D76A10 /* OMDb_iOSUITests.m */,
				7B332A151D2968EB00D76A10 /* Info.plist */,
			);
			path = "OMDb-iOSUITests";
			sourceTree = "<group>";
		};
		7B332A211D29696400D76A10 /* AppDelegate */ = {
			isa = PBXGroup;
			children = (
				7B332A251D296A2E00D76A10 /* AppDelegate.h */,
				7B332A261D296A2E00D76A10 /* AppDelegate.m */,
			);
			name = AppDelegate;
			sourceTree = "<group>";
		};
		7B332A221D29697100D76A10 /* Controller */ = {
			isa = PBXGroup;
			children = (
				7B332A2C1D296B2C00D76A10 /* GenericViewController */,
				7B332A2B1D296B2000D76A10 /* MoviesViewController */,
			);
			name = Controller;
			sourceTree = "<group>";
		};
		7B332A231D29697F00D76A10 /* Storyboard */ = {
			isa = PBXGroup;
			children = (
				7B3329F71D2968EA00D76A10 /* Main.storyboard */,
				7B3329FC1D2968EA00D76A10 /* LaunchScreen.storyboard */,
			);
			name = Storyboard;
			sourceTree = "<group>";
		};
		7B332A241D29699000D76A10 /* Resources */ = {
			isa = PBXGroup;
			children = (
				7B3329FA1D2968EA00D76A10 /* Assets.xcassets */,
				7B3329FF1D2968EA00D76A10 /* Info.plist */,
				7B3329EE1D2968EA00D76A10 /* Supporting Files */,
			);
			name = Resources;
			sourceTree = "<group>";
		};
		7B332A2B1D296B2000D76A10 /* MoviesViewController */ = {
			isa = PBXGroup;
			children = (
				7B332A281D296A4000D76A10 /* MoviesViewController.h */,
				7B332A291D296A4000D76A10 /* MoviesViewController.m */,
			);
			name = MoviesViewController;
			sourceTree = "<group>";
		};
		7B332A2C1D296B2C00D76A10 /* GenericViewController */ = {
			isa = PBXGroup;
			children = (
				7B332A2D1D296B4700D76A10 /* GenericViewController.h */,
				7B332A2E1D296B4700D76A10 /* GenericViewController.m */,
			);
			name = GenericViewController;
			sourceTree = "<group>";
		};
		7B332A301D296B5300D76A10 /* Controller */ = {
			isa = PBXGroup;
			children = (
				7B332A311D296B7300D76A10 /* GenericViewControllerTests.m */,
				7B332A331D296B8500D76A10 /* MoviesViewControllerTests.m */,
			);
			name = Controller;
			sourceTree = "<group>";
		};
/* End PBXGroup section */

/* Begin PBXNativeTarget section */
		7B3329EA1D2968EA00D76A10 /* OMDb-iOS */ = {
			isa = PBXNativeTarget;
			buildConfigurationList = 7B332A181D2968EB00D76A10 /* Build configuration list for PBXNativeTarget "OMDb-iOS" */;
			buildPhases = (
				7B3329E71D2968EA00D76A10 /* Sources */,
				7B3329E81D2968EA00D76A10 /* Frameworks */,
				7B3329E91D2968EA00D76A10 /* Resources */,
			);
			buildRules = (
			);
			dependencies = (
			);
			name = "OMDb-iOS";
			productName = "OMDb-iOS";
			productReference = 7B3329EB1D2968EA00D76A10 /* OMDb-iOS.app */;
			productType = "com.apple.product-type.application";
		};
		7B332A031D2968EA00D76A10 /* OMDb-iOSTests */ = {
			isa = PBXNativeTarget;
			buildConfigurationList = 7B332A1B1D2968EB00D76A10 /* Build configuration list for PBXNativeTarget "OMDb-iOSTests" */;
			buildPhases = (
				7B332A001D2968EA00D76A10 /* Sources */,
				7B332A011D2968EA00D76A10 /* Frameworks */,
				7B332A021D2968EA00D76A10 /* Resources */,
			);
			buildRules = (
			);
			dependencies = (
				7B332A061D2968EA00D76A10 /* PBXTargetDependency */,
			);
			name = "OMDb-iOSTests";
			productName = "OMDb-iOSTests";
			productReference = 7B332A041D2968EA00D76A10 /* OMDb-iOSTests.xctest */;
			productType = "com.apple.product-type.bundle.unit-test";
		};
		7B332A0E1D2968EB00D76A10 /* OMDb-iOSUITests */ = {
			isa = PBXNativeTarget;
			buildConfigurationList = 7B332A1E1D2968EB00D76A10 /* Build configuration list for PBXNativeTarget "OMDb-iOSUITests" */;
			buildPhases = (
				7B332A0B1D2968EB00D76A10 /* Sources */,
				7B332A0C1D2968EB00D76A10 /* Frameworks */,
				7B332A0D1D2968EB00D76A10 /* Resources */,
			);
			buildRules = (
			);
			dependencies = (
				7B332A111D2968EB00D76A10 /* PBXTargetDependency */,
			);
			name = "OMDb-iOSUITests";
			productName = "OMDb-iOSUITests";
			productReference = 7B332A0F1D2968EB00D76A10 /* OMDb-iOSUITests.xctest */;
			productType = "com.apple.product-type.bundle.ui-testing";
		};
/* End PBXNativeTarget section */

/* Begin PBXProject section */
		7B3329E31D2968EA00D76A10 /* Project object */ = {
			isa = PBXProject;
			attributes = {
				LastUpgradeCheck = 0730;
				ORGANIZATIONNAME = "Jhonathan Wyterlin";
				TargetAttributes = {
					7B3329EA1D2968EA00D76A10 = {
						CreatedOnToolsVersion = 7.3.1;
					};
					7B332A031D2968EA00D76A10 = {
						CreatedOnToolsVersion = 7.3.1;
						TestTargetID = 7B3329EA1D2968EA00D76A10;
					};
					7B332A0E1D2968EB00D76A10 = {
						CreatedOnToolsVersion = 7.3.1;
						TestTargetID = 7B3329EA1D2968EA00D76A10;
					};
				};
			};
			buildConfigurationList = 7B3329E61D2968EA00D76A10 /* Build configuration list for PBXProject "OMDb-iOS" */;
			compatibilityVersion = "Xcode 3.2";
			developmentRegion = English;
			hasScannedForEncodings = 0;
			knownRegions = (
				en,
				Base,
			);
			mainGroup = 7B3329E21D2968EA00D76A10;
			productRefGroup = 7B3329EC1D2968EA00D76A10 /* Products */;
			projectDirPath = "";
			projectRoot = "";
			targets = (
				7B3329EA1D2968EA00D76A10 /* OMDb-iOS */,
				7B332A031D2968EA00D76A10 /* OMDb-iOSTests */,
				7B332A0E1D2968EB00D76A10 /* OMDb-iOSUITests */,
			);
		};
/* End PBXProject section */

/* Begin PBXResourcesBuildPhase section */
		7B3329E91D2968EA00D76A10 /* Resources */ = {
			isa = PBXResourcesBuildPhase;
			buildActionMask = 2147483647;
			files = (
				7B3329FE1D2968EA00D76A10 /* LaunchScreen.storyboard in Resources */,
				7B3329FB1D2968EA00D76A10 /* Assets.xcassets in Resources */,
				7B3329F91D2968EA00D76A10 /* Main.storyboard in Resources */,
			);
			runOnlyForDeploymentPostprocessing = 0;
		};
		7B332A021D2968EA00D76A10 /* Resources */ = {
			isa = PBXResourcesBuildPhase;
			buildActionMask = 2147483647;
			files = (
			);
			runOnlyForDeploymentPostprocessing = 0;
		};
		7B332A0D1D2968EB00D76A10 /* Resources */ = {
			isa = PBXResourcesBuildPhase;
			buildActionMask = 2147483647;
			files = (
			);
			runOnlyForDeploymentPostprocessing = 0;
		};
/* End PBXResourcesBuildPhase section */

/* Begin PBXSourcesBuildPhase section */
		7B3329E71D2968EA00D76A10 /* Sources */ = {
			isa = PBXSourcesBuildPhase;
			buildActionMask = 2147483647;
			files = (
				7B332A271D296A2E00D76A10 /* AppDelegate.m in Sources */,
				7B332A2A1D296A4000D76A10 /* MoviesViewController.m in Sources */,
				7B332A2F1D296B4700D76A10 /* GenericViewController.m in Sources */,
				7B3329F01D2968EA00D76A10 /* main.m in Sources */,
			);
			runOnlyForDeploymentPostprocessing = 0;
		};
		7B332A001D2968EA00D76A10 /* Sources */ = {
			isa = PBXSourcesBuildPhase;
			buildActionMask = 2147483647;
			files = (
				7B332A341D296B8500D76A10 /* MoviesViewControllerTests.m in Sources */,
				7B332A321D296B7300D76A10 /* GenericViewControllerTests.m in Sources */,
				7B332A361D296BB500D76A10 /* MoviesViewController.m in Sources */,
				7B332A351D296BB000D76A10 /* GenericViewController.m in Sources */,
			);
			runOnlyForDeploymentPostprocessing = 0;
		};
		7B332A0B1D2968EB00D76A10 /* Sources */ = {
			isa = PBXSourcesBuildPhase;
			buildActionMask = 2147483647;
			files = (
				7B332A141D2968EB00D76A10 /* OMDb_iOSUITests.m in Sources */,
			);
			runOnlyForDeploymentPostprocessing = 0;
		};
/* End PBXSourcesBuildPhase section */

/* Begin PBXTargetDependency section */
		7B332A061D2968EA00D76A10 /* PBXTargetDependency */ = {
			isa = PBXTargetDependency;
			target = 7B3329EA1D2968EA00D76A10 /* OMDb-iOS */;
			targetProxy = 7B332A051D2968EA00D76A10 /* PBXContainerItemProxy */;
		};
		7B332A111D2968EB00D76A10 /* PBXTargetDependency */ = {
			isa = PBXTargetDependency;
			target = 7B3329EA1D2968EA00D76A10 /* OMDb-iOS */;
			targetProxy = 7B332A101D2968EB00D76A10 /* PBXContainerItemProxy */;
		};
/* End PBXTargetDependency section */

/* Begin PBXVariantGroup section */
		7B3329F71D2968EA00D76A10 /* Main.storyboard */ = {
			isa = PBXVariantGroup;
			children = (
				7B3329F81D2968EA00D76A10 /* Base */,
			);
			name = Main.storyboard;
			sourceTree = "<group>";
		};
		7B3329FC1D2968EA00D76A10 /* LaunchScreen.storyboard */ = {
			isa = PBXVariantGroup;
			children = (
				7B3329FD1D2968EA00D76A10 /* Base */,
			);
			name = LaunchScreen.storyboard;
			sourceTree = "<group>";
		};
/* End PBXVariantGroup section */

/* Begin XCBuildConfiguration section */
		7B332A161D2968EB00D76A10 /* Debug */ = {
			isa = XCBuildConfiguration;
			buildSettings = {
				ALWAYS_SEARCH_USER_PATHS = NO;
				CLANG_ANALYZER_NONNULL = YES;
				CLANG_CXX_LANGUAGE_STANDARD = "gnu++0x";
				CLANG_CXX_LIBRARY = "libc++";
				CLANG_ENABLE_MODULES = YES;
				CLANG_ENABLE_OBJC_ARC = YES;
				CLANG_WARN_BOOL_CONVERSION = YES;
				CLANG_WARN_CONSTANT_CONVERSION = YES;
				CLANG_WARN_DIRECT_OBJC_ISA_USAGE = YES_ERROR;
				CLANG_WARN_EMPTY_BODY = YES;
				CLANG_WARN_ENUM_CONVERSION = YES;
				CLANG_WARN_INT_CONVERSION = YES;
				CLANG_WARN_OBJC_ROOT_CLASS = YES_ERROR;
				CLANG_WARN_UNREACHABLE_CODE = YES;
				CLANG_WARN__DUPLICATE_METHOD_MATCH = YES;
				"CODE_SIGN_IDENTITY[sdk=iphoneos*]" = "iPhone Developer";
				COPY_PHASE_STRIP = NO;
				DEBUG_INFORMATION_FORMAT = dwarf;
				ENABLE_STRICT_OBJC_MSGSEND = YES;
				ENABLE_TESTABILITY = YES;
				GCC_C_LANGUAGE_STANDARD = gnu99;
				GCC_DYNAMIC_NO_PIC = NO;
				GCC_NO_COMMON_BLOCKS = YES;
				GCC_OPTIMIZATION_LEVEL = 0;
				GCC_PREPROCESSOR_DEFINITIONS = (
					"DEBUG=1",
					"$(inherited)",
				);
				GCC_WARN_64_TO_32_BIT_CONVERSION = YES;
				GCC_WARN_ABOUT_RETURN_TYPE = YES_ERROR;
				GCC_WARN_UNDECLARED_SELECTOR = YES;
				GCC_WARN_UNINITIALIZED_AUTOS = YES_AGGRESSIVE;
				GCC_WARN_UNUSED_FUNCTION = YES;
				GCC_WARN_UNUSED_VARIABLE = YES;
				IPHONEOS_DEPLOYMENT_TARGET = 9.3;
				MTL_ENABLE_DEBUG_INFO = YES;
				ONLY_ACTIVE_ARCH = YES;
				SDKROOT = iphoneos;
				TARGETED_DEVICE_FAMILY = "1,2";
			};
			name = Debug;
		};
		7B332A171D2968EB00D76A10 /* Release */ = {
			isa = XCBuildConfiguration;
			buildSettings = {
				ALWAYS_SEARCH_USER_PATHS = NO;
				CLANG_ANALYZER_NONNULL = YES;
				CLANG_CXX_LANGUAGE_STANDARD = "gnu++0x";
				CLANG_CXX_LIBRARY = "libc++";
				CLANG_ENABLE_MODULES = YES;
				CLANG_ENABLE_OBJC_ARC = YES;
				CLANG_WARN_BOOL_CONVERSION = YES;
				CLANG_WARN_CONSTANT_CONVERSION = YES;
				CLANG_WARN_DIRECT_OBJC_ISA_USAGE = YES_ERROR;
				CLANG_WARN_EMPTY_BODY = YES;
				CLANG_WARN_ENUM_CONVERSION = YES;
				CLANG_WARN_INT_CONVERSION = YES;
				CLANG_WARN_OBJC_ROOT_CLASS = YES_ERROR;
				CLANG_WARN_UNREACHABLE_CODE = YES;
				CLANG_WARN__DUPLICATE_METHOD_MATCH = YES;
				"CODE_SIGN_IDENTITY[sdk=iphoneos*]" = "iPhone Developer";
				COPY_PHASE_STRIP = NO;
				DEBUG_INFORMATION_FORMAT = "dwarf-with-dsym";
				ENABLE_NS_ASSERTIONS = NO;
				ENABLE_STRICT_OBJC_MSGSEND = YES;
				GCC_C_LANGUAGE_STANDARD = gnu99;
				GCC_NO_COMMON_BLOCKS = YES;
				GCC_WARN_64_TO_32_BIT_CONVERSION = YES;
				GCC_WARN_ABOUT_RETURN_TYPE = YES_ERROR;
				GCC_WARN_UNDECLARED_SELECTOR = YES;
				GCC_WARN_UNINITIALIZED_AUTOS = YES_AGGRESSIVE;
				GCC_WARN_UNUSED_FUNCTION = YES;
				GCC_WARN_UNUSED_VARIABLE = YES;
				IPHONEOS_DEPLOYMENT_TARGET = 9.3;
				MTL_ENABLE_DEBUG_INFO = NO;
				SDKROOT = iphoneos;
				TARGETED_DEVICE_FAMILY = "1,2";
				VALIDATE_PRODUCT = YES;
			};
			name = Release;
		};
		7B332A191D2968EB00D76A10 /* Debug */ = {
			isa = XCBuildConfiguration;
			buildSettings = {
				ASSETCATALOG_COMPILER_APPICON_NAME = AppIcon;
				INFOPLIST_FILE = "OMDb-iOS/Info.plist";
				LD_RUNPATH_SEARCH_PATHS = "$(inherited) @executable_path/Frameworks";
				PRODUCT_BUNDLE_IDENTIFIER = "com.jhonathanwyterlin.OMDb-iOS";
				PRODUCT_NAME = "$(TARGET_NAME)";
			};
			name = Debug;
		};
		7B332A1A1D2968EB00D76A10 /* Release */ = {
			isa = XCBuildConfiguration;
			buildSettings = {
				ASSETCATALOG_COMPILER_APPICON_NAME = AppIcon;
				INFOPLIST_FILE = "OMDb-iOS/Info.plist";
				LD_RUNPATH_SEARCH_PATHS = "$(inherited) @executable_path/Frameworks";
				PRODUCT_BUNDLE_IDENTIFIER = "com.jhonathanwyterlin.OMDb-iOS";
				PRODUCT_NAME = "$(TARGET_NAME)";
			};
			name = Release;
		};
		7B332A1C1D2968EB00D76A10 /* Debug */ = {
			isa = XCBuildConfiguration;
			buildSettings = {
				BUNDLE_LOADER = "$(TEST_HOST)";
				INFOPLIST_FILE = "OMDb-iOSTests/Info.plist";
				LD_RUNPATH_SEARCH_PATHS = "$(inherited) @executable_path/Frameworks @loader_path/Frameworks";
				PRODUCT_BUNDLE_IDENTIFIER = "com.jhonathanwyterlin.OMDb-iOSTests";
				PRODUCT_NAME = "$(TARGET_NAME)";
				TEST_HOST = "$(BUILT_PRODUCTS_DIR)/OMDb-iOS.app/OMDb-iOS";
			};
			name = Debug;
		};
		7B332A1D1D2968EB00D76A10 /* Release */ = {
			isa = XCBuildConfiguration;
			buildSettings = {
				BUNDLE_LOADER = "$(TEST_HOST)";
				INFOPLIST_FILE = "OMDb-iOSTests/Info.plist";
				LD_RUNPATH_SEARCH_PATHS = "$(inherited) @executable_path/Frameworks @loader_path/Frameworks";
				PRODUCT_BUNDLE_IDENTIFIER = "com.jhonathanwyterlin.OMDb-iOSTests";
				PRODUCT_NAME = "$(TARGET_NAME)";
				TEST_HOST = "$(BUILT_PRODUCTS_DIR)/OMDb-iOS.app/OMDb-iOS";
			};
			name = Release;
		};
		7B332A1F1D2968EB00D76A10 /* Debug */ = {
			isa = XCBuildConfiguration;
			buildSettings = {
				INFOPLIST_FILE = "OMDb-iOSUITests/Info.plist";
				LD_RUNPATH_SEARCH_PATHS = "$(inherited) @executable_path/Frameworks @loader_path/Frameworks";
				PRODUCT_BUNDLE_IDENTIFIER = "com.jhonathanwyterlin.OMDb-iOSUITests";
				PRODUCT_NAME = "$(TARGET_NAME)";
				TEST_TARGET_NAME = "OMDb-iOS";
			};
			name = Debug;
		};
		7B332A201D2968EB00D76A10 /* Release */ = {
			isa = XCBuildConfiguration;
			buildSettings = {
				INFOPLIST_FILE = "OMDb-iOSUITests/Info.plist";
				LD_RUNPATH_SEARCH_PATHS = "$(inherited) @executable_path/Frameworks @loader_path/Frameworks";
				PRODUCT_BUNDLE_IDENTIFIER = "com.jhonathanwyterlin.OMDb-iOSUITests";
				PRODUCT_NAME = "$(TARGET_NAME)";
				TEST_TARGET_NAME = "OMDb-iOS";
			};
			name = Release;
		};
/* End XCBuildConfiguration section */

/* Begin XCConfigurationList section */
		7B3329E61D2968EA00D76A10 /* Build configuration list for PBXProject "OMDb-iOS" */ = {
			isa = XCConfigurationList;
			buildConfigurations = (
				7B332A161D2968EB00D76A10 /* Debug */,
				7B332A171D2968EB00D76A10 /* Release */,
			);
			defaultConfigurationIsVisible = 0;
			defaultConfigurationName = Release;
		};
		7B332A181D2968EB00D76A10 /* Build configuration list for PBXNativeTarget "OMDb-iOS" */ = {
			isa = XCConfigurationList;
			buildConfigurations = (
				7B332A191D2968EB00D76A10 /* Debug */,
				7B332A1A1D2968EB00D76A10 /* Release */,
			);
			defaultConfigurationIsVisible = 0;
		};
		7B332A1B1D2968EB00D76A10 /* Build configuration list for PBXNativeTarget "OMDb-iOSTests" */ = {
			isa = XCConfigurationList;
			buildConfigurations = (
				7B332A1C1D2968EB00D76A10 /* Debug */,
				7B332A1D1D2968EB00D76A10 /* Release */,
			);
			defaultConfigurationIsVisible = 0;
		};
		7B332A1E1D2968EB00D76A10 /* Build configuration list for PBXNativeTarget "OMDb-iOSUITests" */ = {
			isa = XCConfigurationList;
			buildConfigurations = (
				7B332A1F1D2968EB00D76A10 /* Debug */,
				7B332A201D2968EB00D76A10 /* Release */,
			);
			defaultConfigurationIsVisible = 0;
		};
/* End XCConfigurationList section */
	};
	rootObject = 7B3329E31D2968EA00D76A10 /* Project object */;
}
