// !$*UTF8*$!
{
	archiveVersion = 1;
	classes = {
	};
	objectVersion = 46;
	objects = {

/* Begin PBXBuildFile section */
		6526CCADBFCBE16644CE87E8 /* libPods-OMDb-iOS.a in Frameworks */ = {isa = PBXBuildFile; fileRef = 9823F4FEB204DC5B80781DEB /* libPods-OMDb-iOS.a */; };
		7B05C2311D33E055000ADE2B /* GenericService.m in Sources */ = {isa = PBXBuildFile; fileRef = 7B05C2301D33E055000ADE2B /* GenericService.m */; };
		7B05C2321D33E055000ADE2B /* GenericService.m in Sources */ = {isa = PBXBuildFile; fileRef = 7B05C2301D33E055000ADE2B /* GenericService.m */; };
		7B05C2331D33E055000ADE2B /* GenericService.m in Sources */ = {isa = PBXBuildFile; fileRef = 7B05C2301D33E055000ADE2B /* GenericService.m */; };
		7B05C2371D33E071000ADE2B /* MovieService.m in Sources */ = {isa = PBXBuildFile; fileRef = 7B05C2361D33E071000ADE2B /* MovieService.m */; };
		7B05C2381D33E071000ADE2B /* MovieService.m in Sources */ = {isa = PBXBuildFile; fileRef = 7B05C2361D33E071000ADE2B /* MovieService.m */; };
		7B05C2391D33E071000ADE2B /* MovieService.m in Sources */ = {isa = PBXBuildFile; fileRef = 7B05C2361D33E071000ADE2B /* MovieService.m */; };
		7B05C23D1D33EA08000ADE2B /* Validator.m in Sources */ = {isa = PBXBuildFile; fileRef = 7B05C23C1D33EA08000ADE2B /* Validator.m */; };
		7B05C23E1D33EA08000ADE2B /* Validator.m in Sources */ = {isa = PBXBuildFile; fileRef = 7B05C23C1D33EA08000ADE2B /* Validator.m */; };
		7B05C23F1D33EA08000ADE2B /* Validator.m in Sources */ = {isa = PBXBuildFile; fileRef = 7B05C23C1D33EA08000ADE2B /* Validator.m */; };
		7B0A08841DDFD26300A64E76 /* MoviesConductor.m in Sources */ = {isa = PBXBuildFile; fileRef = 7B0A08831DDFD26300A64E76 /* MoviesConductor.m */; };
		7B0A08851DDFD26300A64E76 /* MoviesConductor.m in Sources */ = {isa = PBXBuildFile; fileRef = 7B0A08831DDFD26300A64E76 /* MoviesConductor.m */; };
		7B0A08861DDFD26300A64E76 /* MoviesConductor.m in Sources */ = {isa = PBXBuildFile; fileRef = 7B0A08831DDFD26300A64E76 /* MoviesConductor.m */; };
		7B26E3221DE136640051CBFD /* MoviesConductorTests.m in Sources */ = {isa = PBXBuildFile; fileRef = 7B26E3211DE136640051CBFD /* MoviesConductorTests.m */; };
		7B3329F01D2968EA00D76A10 /* main.m in Sources */ = {isa = PBXBuildFile; fileRef = 7B3329EF1D2968EA00D76A10 /* main.m */; };
		7B3329F91D2968EA00D76A10 /* Main.storyboard in Resources */ = {isa = PBXBuildFile; fileRef = 7B3329F71D2968EA00D76A10 /* Main.storyboard */; };
		7B3329FB1D2968EA00D76A10 /* Assets.xcassets in Resources */ = {isa = PBXBuildFile; fileRef = 7B3329FA1D2968EA00D76A10 /* Assets.xcassets */; };
		7B3329FE1D2968EA00D76A10 /* LaunchScreen.storyboard in Resources */ = {isa = PBXBuildFile; fileRef = 7B3329FC1D2968EA00D76A10 /* LaunchScreen.storyboard */; };
		7B332A141D2968EB00D76A10 /* OMDb_iOSUITests.m in Sources */ = {isa = PBXBuildFile; fileRef = 7B332A131D2968EB00D76A10 /* OMDb_iOSUITests.m */; };
		7B332A271D296A2E00D76A10 /* AppDelegate.m in Sources */ = {isa = PBXBuildFile; fileRef = 7B332A261D296A2E00D76A10 /* AppDelegate.m */; };
		7B332A2A1D296A4000D76A10 /* MoviesViewController.m in Sources */ = {isa = PBXBuildFile; fileRef = 7B332A291D296A4000D76A10 /* MoviesViewController.m */; };
		7B332A2F1D296B4700D76A10 /* GenericViewController.m in Sources */ = {isa = PBXBuildFile; fileRef = 7B332A2E1D296B4700D76A10 /* GenericViewController.m */; };
		7B332A321D296B7300D76A10 /* GenericViewControllerTests.m in Sources */ = {isa = PBXBuildFile; fileRef = 7B332A311D296B7300D76A10 /* GenericViewControllerTests.m */; };
		7B332A341D296B8500D76A10 /* MoviesViewControllerTests.m in Sources */ = {isa = PBXBuildFile; fileRef = 7B332A331D296B8500D76A10 /* MoviesViewControllerTests.m */; };
		7B332A351D296BB000D76A10 /* GenericViewController.m in Sources */ = {isa = PBXBuildFile; fileRef = 7B332A2E1D296B4700D76A10 /* GenericViewController.m */; };
		7B332A361D296BB500D76A10 /* MoviesViewController.m in Sources */ = {isa = PBXBuildFile; fileRef = 7B332A291D296A4000D76A10 /* MoviesViewController.m */; };
		7B332A3A1D29832800D76A10 /* Constants.m in Sources */ = {isa = PBXBuildFile; fileRef = 7B332A391D29832800D76A10 /* Constants.m */; };
		7B332A3B1D29832800D76A10 /* Constants.m in Sources */ = {isa = PBXBuildFile; fileRef = 7B332A391D29832800D76A10 /* Constants.m */; };
		7B332A3F1D29843A00D76A10 /* ConstantTests.m in Sources */ = {isa = PBXBuildFile; fileRef = 7B332A3E1D29843A00D76A10 /* ConstantTests.m */; };
		7B332A4A1D298D3900D76A10 /* GenericCellTests.m in Sources */ = {isa = PBXBuildFile; fileRef = 7B332A491D298D3900D76A10 /* GenericCellTests.m */; };
		7B332A551D2994F400D76A10 /* GenericCell.m in Sources */ = {isa = PBXBuildFile; fileRef = 7B332A541D2994F400D76A10 /* GenericCell.m */; };
		7B332A561D2994F400D76A10 /* GenericCell.m in Sources */ = {isa = PBXBuildFile; fileRef = 7B332A541D2994F400D76A10 /* GenericCell.m */; };
		7B332A5A1D29950400D76A10 /* MovieCell.m in Sources */ = {isa = PBXBuildFile; fileRef = 7B332A581D29950400D76A10 /* MovieCell.m */; };
		7B332A5B1D29950400D76A10 /* MovieCell.m in Sources */ = {isa = PBXBuildFile; fileRef = 7B332A581D29950400D76A10 /* MovieCell.m */; };
		7B332A5C1D29950400D76A10 /* MovieCell.xib in Resources */ = {isa = PBXBuildFile; fileRef = 7B332A591D29950400D76A10 /* MovieCell.xib */; };
		7B332A5D1D29950400D76A10 /* MovieCell.xib in Resources */ = {isa = PBXBuildFile; fileRef = 7B332A591D29950400D76A10 /* MovieCell.xib */; };
		7B332A5F1D29954800D76A10 /* MovieCellTests.m in Sources */ = {isa = PBXBuildFile; fileRef = 7B332A5E1D29954800D76A10 /* MovieCellTests.m */; };
		7B332A651D29A1EA00D76A10 /* GenericModel.m in Sources */ = {isa = PBXBuildFile; fileRef = 7B332A641D29A1EA00D76A10 /* GenericModel.m */; };
		7B332A661D29A1EA00D76A10 /* GenericModel.m in Sources */ = {isa = PBXBuildFile; fileRef = 7B332A641D29A1EA00D76A10 /* GenericModel.m */; };
		7B332A691D29A20100D76A10 /* MovieModel.m in Sources */ = {isa = PBXBuildFile; fileRef = 7B332A681D29A20100D76A10 /* MovieModel.m */; };
		7B332A6A1D29A20100D76A10 /* MovieModel.m in Sources */ = {isa = PBXBuildFile; fileRef = 7B332A681D29A20100D76A10 /* MovieModel.m */; };
		7B332A6D1D29A22100D76A10 /* GenericModelTests.m in Sources */ = {isa = PBXBuildFile; fileRef = 7B332A6C1D29A22100D76A10 /* GenericModelTests.m */; };
		7B332A6F1D29A22B00D76A10 /* MovieModelTests.m in Sources */ = {isa = PBXBuildFile; fileRef = 7B332A6E1D29A22B00D76A10 /* MovieModelTests.m */; };
		7B40874B1DDD3F640024A579 /* Localizable.strings in Resources */ = {isa = PBXBuildFile; fileRef = 7B40874A1DDD3F640024A579 /* Localizable.strings */; };
		7B40874C1DDD3F640024A579 /* Localizable.strings in Resources */ = {isa = PBXBuildFile; fileRef = 7B40874A1DDD3F640024A579 /* Localizable.strings */; };
		7B40874D1DDD3F640024A579 /* Localizable.strings in Resources */ = {isa = PBXBuildFile; fileRef = 7B40874A1DDD3F640024A579 /* Localizable.strings */; };
		7B46F4931DE2793400F31435 /* AddMovieConductor.m in Sources */ = {isa = PBXBuildFile; fileRef = 7B46F4921DE2793400F31435 /* AddMovieConductor.m */; };
		7B46F4941DE2793400F31435 /* AddMovieConductor.m in Sources */ = {isa = PBXBuildFile; fileRef = 7B46F4921DE2793400F31435 /* AddMovieConductor.m */; };
		7B46F4951DE2793400F31435 /* AddMovieConductor.m in Sources */ = {isa = PBXBuildFile; fileRef = 7B46F4921DE2793400F31435 /* AddMovieConductor.m */; };
		7BCD45E01D2C9101004EF134 /* Connection.m in Sources */ = {isa = PBXBuildFile; fileRef = 7BCD45DF1D2C9101004EF134 /* Connection.m */; };
		7BCD45E11D2C9101004EF134 /* Connection.m in Sources */ = {isa = PBXBuildFile; fileRef = 7BCD45DF1D2C9101004EF134 /* Connection.m */; };
		7BCD45E21D2C9101004EF134 /* Connection.m in Sources */ = {isa = PBXBuildFile; fileRef = 7BCD45DF1D2C9101004EF134 /* Connection.m */; };
		7BCD45E61D2C913D004EF134 /* NetAPIClient.m in Sources */ = {isa = PBXBuildFile; fileRef = 7BCD45E51D2C913D004EF134 /* NetAPIClient.m */; };
		7BCD45E71D2C913D004EF134 /* NetAPIClient.m in Sources */ = {isa = PBXBuildFile; fileRef = 7BCD45E51D2C913D004EF134 /* NetAPIClient.m */; };
		7BCD45E81D2C913D004EF134 /* NetAPIClient.m in Sources */ = {isa = PBXBuildFile; fileRef = 7BCD45E51D2C913D004EF134 /* NetAPIClient.m */; };
		7BCD45EC1D2C91E1004EF134 /* Routes.m in Sources */ = {isa = PBXBuildFile; fileRef = 7BCD45EB1D2C91E1004EF134 /* Routes.m */; };
		7BCD45ED1D2C91E1004EF134 /* Routes.m in Sources */ = {isa = PBXBuildFile; fileRef = 7BCD45EB1D2C91E1004EF134 /* Routes.m */; };
		7BCD45EE1D2C91E1004EF134 /* Routes.m in Sources */ = {isa = PBXBuildFile; fileRef = 7BCD45EB1D2C91E1004EF134 /* Routes.m */; };
		7BE933751DE90C9400A6FE06 /* Reachability+Helper.m in Sources */ = {isa = PBXBuildFile; fileRef = 7BE933741DE90C9400A6FE06 /* Reachability+Helper.m */; };
		7BE933761DE90C9400A6FE06 /* Reachability+Helper.m in Sources */ = {isa = PBXBuildFile; fileRef = 7BE933741DE90C9400A6FE06 /* Reachability+Helper.m */; };
		7BE933771DE90C9400A6FE06 /* Reachability+Helper.m in Sources */ = {isa = PBXBuildFile; fileRef = 7BE933741DE90C9400A6FE06 /* Reachability+Helper.m */; };
		7BFDBCD21D346D410004416C /* Error.m in Sources */ = {isa = PBXBuildFile; fileRef = 7BFDBCD11D346D410004416C /* Error.m */; };
		7BFDBCD31D346D410004416C /* Error.m in Sources */ = {isa = PBXBuildFile; fileRef = 7BFDBCD11D346D410004416C /* Error.m */; };
		7BFDBCD41D346D410004416C /* Error.m in Sources */ = {isa = PBXBuildFile; fileRef = 7BFDBCD11D346D410004416C /* Error.m */; };
		7BFDBCD81D3471DD0004416C /* Alert.m in Sources */ = {isa = PBXBuildFile; fileRef = 7BFDBCD71D3471DD0004416C /* Alert.m */; };
		7BFDBCD91D3471DD0004416C /* Alert.m in Sources */ = {isa = PBXBuildFile; fileRef = 7BFDBCD71D3471DD0004416C /* Alert.m */; };
		7BFDBCDA1D3471DD0004416C /* Alert.m in Sources */ = {isa = PBXBuildFile; fileRef = 7BFDBCD71D3471DD0004416C /* Alert.m */; };
		7BFDBCDF1D3728E80004416C /* DeviceInfo.m in Sources */ = {isa = PBXBuildFile; fileRef = 7BFDBCDE1D3728E80004416C /* DeviceInfo.m */; };
		7BFDBCE01D3728E80004416C /* DeviceInfo.m in Sources */ = {isa = PBXBuildFile; fileRef = 7BFDBCDE1D3728E80004416C /* DeviceInfo.m */; };
		7BFDBCE11D3728E80004416C /* DeviceInfo.m in Sources */ = {isa = PBXBuildFile; fileRef = 7BFDBCDE1D3728E80004416C /* DeviceInfo.m */; };
		7BFDBCE51D373EE10004416C /* MovieDetailViewController.m in Sources */ = {isa = PBXBuildFile; fileRef = 7BFDBCE41D373EE10004416C /* MovieDetailViewController.m */; };
		7BFDBCE61D373EE10004416C /* MovieDetailViewController.m in Sources */ = {isa = PBXBuildFile; fileRef = 7BFDBCE41D373EE10004416C /* MovieDetailViewController.m */; };
		7BFDBCE71D373EE10004416C /* MovieDetailViewController.m in Sources */ = {isa = PBXBuildFile; fileRef = 7BFDBCE41D373EE10004416C /* MovieDetailViewController.m */; };
		7BFDBCE91D373F040004416C /* MovieDetailViewControllerTests.m in Sources */ = {isa = PBXBuildFile; fileRef = 7BFDBCE81D373F040004416C /* MovieDetailViewControllerTests.m */; };
		7BFDBCEA1D37405B0004416C /* GenericViewController.m in Sources */ = {isa = PBXBuildFile; fileRef = 7B332A2E1D296B4700D76A10 /* GenericViewController.m */; };
		7BFDBCEB1D3740660004416C /* MovieModel.m in Sources */ = {isa = PBXBuildFile; fileRef = 7B332A681D29A20100D76A10 /* MovieModel.m */; };
		7BFDBCEC1D37406F0004416C /* Constants.m in Sources */ = {isa = PBXBuildFile; fileRef = 7B332A391D29832800D76A10 /* Constants.m */; };
		7BFDBCED1D3740840004416C /* GenericModel.m in Sources */ = {isa = PBXBuildFile; fileRef = 7B332A641D29A1EA00D76A10 /* GenericModel.m */; };
		7BFDBCF11D3747980004416C /* AddMovieViewController.m in Sources */ = {isa = PBXBuildFile; fileRef = 7BFDBCF01D3747980004416C /* AddMovieViewController.m */; };
		7BFDBCF21D3747980004416C /* AddMovieViewController.m in Sources */ = {isa = PBXBuildFile; fileRef = 7BFDBCF01D3747980004416C /* AddMovieViewController.m */; };
		7BFDBCF31D3747980004416C /* AddMovieViewController.m in Sources */ = {isa = PBXBuildFile; fileRef = 7BFDBCF01D3747980004416C /* AddMovieViewController.m */; };
		7BFDBCF71D3749A30004416C /* UIView+Helper.m in Sources */ = {isa = PBXBuildFile; fileRef = 7BFDBCF61D3749A30004416C /* UIView+Helper.m */; };
		7BFDBCF81D3749A30004416C /* UIView+Helper.m in Sources */ = {isa = PBXBuildFile; fileRef = 7BFDBCF61D3749A30004416C /* UIView+Helper.m */; };
		7BFDBCF91D3749A30004416C /* UIView+Helper.m in Sources */ = {isa = PBXBuildFile; fileRef = 7BFDBCF61D3749A30004416C /* UIView+Helper.m */; };
/* End PBXBuildFile section */

/* Begin PBXContainerItemProxy section */
		7B332A051D2968EA00D76A10 /* PBXContainerItemProxy */ = {
			isa = PBXContainerItemProxy;
			containerPortal = 7B3329E31D2968EA00D76A10 /* Project object */;
			proxyType = 1;
			remoteGlobalIDString = 7B3329EA1D2968EA00D76A10;
			remoteInfo = "OMDb-iOS";
		};
		7B332A101D2968EB00D76A10 /* PBXContainerItemProxy */ = {
			isa = PBXContainerItemProxy;
			containerPortal = 7B3329E31D2968EA00D76A10 /* Project object */;
			proxyType = 1;
			remoteGlobalIDString = 7B3329EA1D2968EA00D76A10;
			remoteInfo = "OMDb-iOS";
		};
/* End PBXContainerItemProxy section */

/* Begin PBXFileReference section */
		7B05C22F1D33E055000ADE2B /* GenericService.h */ = {isa = PBXFileReference; fileEncoding = 4; lastKnownFileType = sourcecode.c.h; name = GenericService.h; path = Service/GenericService.h; sourceTree = "<group>"; };
		7B05C2301D33E055000ADE2B /* GenericService.m */ = {isa = PBXFileReference; fileEncoding = 4; lastKnownFileType = sourcecode.c.objc; name = GenericService.m; path = Service/GenericService.m; sourceTree = "<group>"; };
		7B05C2351D33E071000ADE2B /* MovieService.h */ = {isa = PBXFileReference; fileEncoding = 4; lastKnownFileType = sourcecode.c.h; name = MovieService.h; path = Service/MovieService.h; sourceTree = "<group>"; };
		7B05C2361D33E071000ADE2B /* MovieService.m */ = {isa = PBXFileReference; fileEncoding = 4; lastKnownFileType = sourcecode.c.objc; name = MovieService.m; path = Service/MovieService.m; sourceTree = "<group>"; };
		7B05C23B1D33EA08000ADE2B /* Validator.h */ = {isa = PBXFileReference; fileEncoding = 4; lastKnownFileType = sourcecode.c.h; name = Validator.h; path = Util/Validator.h; sourceTree = "<group>"; };
		7B05C23C1D33EA08000ADE2B /* Validator.m */ = {isa = PBXFileReference; fileEncoding = 4; lastKnownFileType = sourcecode.c.objc; name = Validator.m; path = Util/Validator.m; sourceTree = "<group>"; };
		7B0A08821DDFD26300A64E76 /* MoviesConductor.h */ = {isa = PBXFileReference; fileEncoding = 4; lastKnownFileType = sourcecode.c.h; name = MoviesConductor.h; path = Conductor/MoviesConductor.h; sourceTree = "<group>"; };
		7B0A08831DDFD26300A64E76 /* MoviesConductor.m */ = {isa = PBXFileReference; fileEncoding = 4; lastKnownFileType = sourcecode.c.objc; name = MoviesConductor.m; path = Conductor/MoviesConductor.m; sourceTree = "<group>"; };
		7B26E3211DE136640051CBFD /* MoviesConductorTests.m */ = {isa = PBXFileReference; fileEncoding = 4; lastKnownFileType = sourcecode.c.objc; path = MoviesConductorTests.m; sourceTree = "<group>"; };
		7B3329EB1D2968EA00D76A10 /* OMDb-iOS.app */ = {isa = PBXFileReference; explicitFileType = wrapper.application; includeInIndex = 0; path = "OMDb-iOS.app"; sourceTree = BUILT_PRODUCTS_DIR; };
		7B3329EF1D2968EA00D76A10 /* main.m */ = {isa = PBXFileReference; lastKnownFileType = sourcecode.c.objc; path = main.m; sourceTree = "<group>"; };
		7B3329F81D2968EA00D76A10 /* Base */ = {isa = PBXFileReference; lastKnownFileType = file.storyboard; name = Base; path = Base.lproj/Main.storyboard; sourceTree = "<group>"; };
		7B3329FA1D2968EA00D76A10 /* Assets.xcassets */ = {isa = PBXFileReference; lastKnownFileType = folder.assetcatalog; path = Assets.xcassets; sourceTree = "<group>"; };
		7B3329FD1D2968EA00D76A10 /* Base */ = {isa = PBXFileReference; lastKnownFileType = file.storyboard; name = Base; path = Base.lproj/LaunchScreen.storyboard; sourceTree = "<group>"; };
		7B3329FF1D2968EA00D76A10 /* Info.plist */ = {isa = PBXFileReference; lastKnownFileType = text.plist.xml; path = Info.plist; sourceTree = "<group>"; };
		7B332A041D2968EA00D76A10 /* OMDb-iOSTests.xctest */ = {isa = PBXFileReference; explicitFileType = wrapper.cfbundle; includeInIndex = 0; path = "OMDb-iOSTests.xctest"; sourceTree = BUILT_PRODUCTS_DIR; };
		7B332A0A1D2968EA00D76A10 /* Info.plist */ = {isa = PBXFileReference; lastKnownFileType = text.plist.xml; path = Info.plist; sourceTree = "<group>"; };
		7B332A0F1D2968EB00D76A10 /* OMDb-iOSUITests.xctest */ = {isa = PBXFileReference; explicitFileType = wrapper.cfbundle; includeInIndex = 0; path = "OMDb-iOSUITests.xctest"; sourceTree = BUILT_PRODUCTS_DIR; };
		7B332A131D2968EB00D76A10 /* OMDb_iOSUITests.m */ = {isa = PBXFileReference; lastKnownFileType = sourcecode.c.objc; path = OMDb_iOSUITests.m; sourceTree = "<group>"; };
		7B332A151D2968EB00D76A10 /* Info.plist */ = {isa = PBXFileReference; lastKnownFileType = text.plist.xml; path = Info.plist; sourceTree = "<group>"; };
		7B332A251D296A2E00D76A10 /* AppDelegate.h */ = {isa = PBXFileReference; fileEncoding = 4; lastKnownFileType = sourcecode.c.h; name = AppDelegate.h; path = AppDelegate/AppDelegate.h; sourceTree = "<group>"; };
		7B332A261D296A2E00D76A10 /* AppDelegate.m */ = {isa = PBXFileReference; fileEncoding = 4; lastKnownFileType = sourcecode.c.objc; name = AppDelegate.m; path = AppDelegate/AppDelegate.m; sourceTree = "<group>"; };
		7B332A281D296A4000D76A10 /* MoviesViewController.h */ = {isa = PBXFileReference; fileEncoding = 4; lastKnownFileType = sourcecode.c.h; name = MoviesViewController.h; path = Controller/MoviesViewController.h; sourceTree = "<group>"; };
		7B332A291D296A4000D76A10 /* MoviesViewController.m */ = {isa = PBXFileReference; fileEncoding = 4; lastKnownFileType = sourcecode.c.objc; name = MoviesViewController.m; path = Controller/MoviesViewController.m; sourceTree = "<group>"; };
		7B332A2D1D296B4700D76A10 /* GenericViewController.h */ = {isa = PBXFileReference; fileEncoding = 4; lastKnownFileType = sourcecode.c.h; name = GenericViewController.h; path = Controller/GenericViewController.h; sourceTree = "<group>"; };
		7B332A2E1D296B4700D76A10 /* GenericViewController.m */ = {isa = PBXFileReference; fileEncoding = 4; lastKnownFileType = sourcecode.c.objc; name = GenericViewController.m; path = Controller/GenericViewController.m; sourceTree = "<group>"; };
		7B332A311D296B7300D76A10 /* GenericViewControllerTests.m */ = {isa = PBXFileReference; fileEncoding = 4; lastKnownFileType = sourcecode.c.objc; path = GenericViewControllerTests.m; sourceTree = "<group>"; };
		7B332A331D296B8500D76A10 /* MoviesViewControllerTests.m */ = {isa = PBXFileReference; fileEncoding = 4; lastKnownFileType = sourcecode.c.objc; path = MoviesViewControllerTests.m; sourceTree = "<group>"; };
		7B332A381D29832800D76A10 /* Constants.h */ = {isa = PBXFileReference; fileEncoding = 4; lastKnownFileType = sourcecode.c.h; name = Constants.h; path = Util/Constants.h; sourceTree = "<group>"; };
		7B332A391D29832800D76A10 /* Constants.m */ = {isa = PBXFileReference; fileEncoding = 4; lastKnownFileType = sourcecode.c.objc; name = Constants.m; path = Util/Constants.m; sourceTree = "<group>"; };
		7B332A3E1D29843A00D76A10 /* ConstantTests.m */ = {isa = PBXFileReference; fileEncoding = 4; lastKnownFileType = sourcecode.c.objc; path = ConstantTests.m; sourceTree = "<group>"; };
		7B332A491D298D3900D76A10 /* GenericCellTests.m */ = {isa = PBXFileReference; fileEncoding = 4; lastKnownFileType = sourcecode.c.objc; path = GenericCellTests.m; sourceTree = "<group>"; };
		7B332A531D2994F400D76A10 /* GenericCell.h */ = {isa = PBXFileReference; fileEncoding = 4; lastKnownFileType = sourcecode.c.h; name = GenericCell.h; path = View/UICollectionViewCell/GenericCell.h; sourceTree = "<group>"; };
		7B332A541D2994F400D76A10 /* GenericCell.m */ = {isa = PBXFileReference; fileEncoding = 4; lastKnownFileType = sourcecode.c.objc; name = GenericCell.m; path = View/UICollectionViewCell/GenericCell.m; sourceTree = "<group>"; };
		7B332A571D29950400D76A10 /* MovieCell.h */ = {isa = PBXFileReference; fileEncoding = 4; lastKnownFileType = sourcecode.c.h; name = MovieCell.h; path = View/UICollectionViewCell/MovieCell.h; sourceTree = "<group>"; };
		7B332A581D29950400D76A10 /* MovieCell.m */ = {isa = PBXFileReference; fileEncoding = 4; lastKnownFileType = sourcecode.c.objc; name = MovieCell.m; path = View/UICollectionViewCell/MovieCell.m; sourceTree = "<group>"; };
		7B332A591D29950400D76A10 /* MovieCell.xib */ = {isa = PBXFileReference; fileEncoding = 4; lastKnownFileType = file.xib; name = MovieCell.xib; path = View/UICollectionViewCell/MovieCell.xib; sourceTree = "<group>"; };
		7B332A5E1D29954800D76A10 /* MovieCellTests.m */ = {isa = PBXFileReference; fileEncoding = 4; lastKnownFileType = sourcecode.c.objc; path = MovieCellTests.m; sourceTree = "<group>"; };
		7B332A631D29A1EA00D76A10 /* GenericModel.h */ = {isa = PBXFileReference; fileEncoding = 4; lastKnownFileType = sourcecode.c.h; name = GenericModel.h; path = Model/GenericModel.h; sourceTree = "<group>"; };
		7B332A641D29A1EA00D76A10 /* GenericModel.m */ = {isa = PBXFileReference; fileEncoding = 4; lastKnownFileType = sourcecode.c.objc; name = GenericModel.m; path = Model/GenericModel.m; sourceTree = "<group>"; };
		7B332A671D29A20100D76A10 /* MovieModel.h */ = {isa = PBXFileReference; fileEncoding = 4; lastKnownFileType = sourcecode.c.h; name = MovieModel.h; path = Model/MovieModel.h; sourceTree = "<group>"; };
		7B332A681D29A20100D76A10 /* MovieModel.m */ = {isa = PBXFileReference; fileEncoding = 4; lastKnownFileType = sourcecode.c.objc; name = MovieModel.m; path = Model/MovieModel.m; sourceTree = "<group>"; };
		7B332A6C1D29A22100D76A10 /* GenericModelTests.m */ = {isa = PBXFileReference; fileEncoding = 4; lastKnownFileType = sourcecode.c.objc; path = GenericModelTests.m; sourceTree = "<group>"; };
		7B332A6E1D29A22B00D76A10 /* MovieModelTests.m */ = {isa = PBXFileReference; fileEncoding = 4; lastKnownFileType = sourcecode.c.objc; path = MovieModelTests.m; sourceTree = "<group>"; };
		7B40874A1DDD3F640024A579 /* Localizable.strings */ = {isa = PBXFileReference; fileEncoding = 4; lastKnownFileType = text.plist.strings; name = Localizable.strings; path = Internacionalization/Localizable.strings; sourceTree = "<group>"; };
		7B46F4911DE2793400F31435 /* AddMovieConductor.h */ = {isa = PBXFileReference; fileEncoding = 4; lastKnownFileType = sourcecode.c.h; name = AddMovieConductor.h; path = Conductor/AddMovieConductor.h; sourceTree = "<group>"; };
		7B46F4921DE2793400F31435 /* AddMovieConductor.m */ = {isa = PBXFileReference; fileEncoding = 4; lastKnownFileType = sourcecode.c.objc; name = AddMovieConductor.m; path = Conductor/AddMovieConductor.m; sourceTree = "<group>"; };
		7BCD45DE1D2C9101004EF134 /* Connection.h */ = {isa = PBXFileReference; fileEncoding = 4; lastKnownFileType = sourcecode.c.h; name = Connection.h; path = Util/Connection.h; sourceTree = "<group>"; };
		7BCD45DF1D2C9101004EF134 /* Connection.m */ = {isa = PBXFileReference; fileEncoding = 4; lastKnownFileType = sourcecode.c.objc; name = Connection.m; path = Util/Connection.m; sourceTree = "<group>"; };
		7BCD45E41D2C913D004EF134 /* NetAPIClient.h */ = {isa = PBXFileReference; fileEncoding = 4; lastKnownFileType = sourcecode.c.h; name = NetAPIClient.h; path = Util/NetAPIClient.h; sourceTree = "<group>"; };
		7BCD45E51D2C913D004EF134 /* NetAPIClient.m */ = {isa = PBXFileReference; fileEncoding = 4; lastKnownFileType = sourcecode.c.objc; name = NetAPIClient.m; path = Util/NetAPIClient.m; sourceTree = "<group>"; };
		7BCD45EA1D2C91E1004EF134 /* Routes.h */ = {isa = PBXFileReference; fileEncoding = 4; lastKnownFileType = sourcecode.c.h; name = Routes.h; path = Util/Routes.h; sourceTree = "<group>"; };
		7BCD45EB1D2C91E1004EF134 /* Routes.m */ = {isa = PBXFileReference; fileEncoding = 4; lastKnownFileType = sourcecode.c.objc; name = Routes.m; path = Util/Routes.m; sourceTree = "<group>"; };
		7BE933731DE90C9400A6FE06 /* Reachability+Helper.h */ = {isa = PBXFileReference; fileEncoding = 4; lastKnownFileType = sourcecode.c.h; name = "Reachability+Helper.h"; path = "Category/Reachability+Helper.h"; sourceTree = "<group>"; };
		7BE933741DE90C9400A6FE06 /* Reachability+Helper.m */ = {isa = PBXFileReference; fileEncoding = 4; lastKnownFileType = sourcecode.c.objc; name = "Reachability+Helper.m"; path = "Category/Reachability+Helper.m"; sourceTree = "<group>"; };
		7BFDBCD01D346D410004416C /* Error.h */ = {isa = PBXFileReference; fileEncoding = 4; lastKnownFileType = sourcecode.c.h; name = Error.h; path = Util/Error.h; sourceTree = "<group>"; };
		7BFDBCD11D346D410004416C /* Error.m */ = {isa = PBXFileReference; fileEncoding = 4; lastKnownFileType = sourcecode.c.objc; name = Error.m; path = Util/Error.m; sourceTree = "<group>"; };
		7BFDBCD61D3471DD0004416C /* Alert.h */ = {isa = PBXFileReference; fileEncoding = 4; lastKnownFileType = sourcecode.c.h; name = Alert.h; path = Util/Alert.h; sourceTree = "<group>"; };
		7BFDBCD71D3471DD0004416C /* Alert.m */ = {isa = PBXFileReference; fileEncoding = 4; lastKnownFileType = sourcecode.c.objc; name = Alert.m; path = Util/Alert.m; sourceTree = "<group>"; };
		7BFDBCDD1D3728E80004416C /* DeviceInfo.h */ = {isa = PBXFileReference; fileEncoding = 4; lastKnownFileType = sourcecode.c.h; name = DeviceInfo.h; path = Util/DeviceInfo.h; sourceTree = "<group>"; };
		7BFDBCDE1D3728E80004416C /* DeviceInfo.m */ = {isa = PBXFileReference; fileEncoding = 4; lastKnownFileType = sourcecode.c.objc; name = DeviceInfo.m; path = Util/DeviceInfo.m; sourceTree = "<group>"; };
		7BFDBCE31D373EE10004416C /* MovieDetailViewController.h */ = {isa = PBXFileReference; fileEncoding = 4; lastKnownFileType = sourcecode.c.h; name = MovieDetailViewController.h; path = Controller/MovieDetailViewController.h; sourceTree = "<group>"; };
		7BFDBCE41D373EE10004416C /* MovieDetailViewController.m */ = {isa = PBXFileReference; fileEncoding = 4; lastKnownFileType = sourcecode.c.objc; name = MovieDetailViewController.m; path = Controller/MovieDetailViewController.m; sourceTree = "<group>"; };
		7BFDBCE81D373F040004416C /* MovieDetailViewControllerTests.m */ = {isa = PBXFileReference; fileEncoding = 4; lastKnownFileType = sourcecode.c.objc; path = MovieDetailViewControllerTests.m; sourceTree = "<group>"; };
		7BFDBCEF1D3747980004416C /* AddMovieViewController.h */ = {isa = PBXFileReference; fileEncoding = 4; lastKnownFileType = sourcecode.c.h; name = AddMovieViewController.h; path = Controller/AddMovieViewController.h; sourceTree = "<group>"; };
		7BFDBCF01D3747980004416C /* AddMovieViewController.m */ = {isa = PBXFileReference; fileEncoding = 4; lastKnownFileType = sourcecode.c.objc; name = AddMovieViewController.m; path = Controller/AddMovieViewController.m; sourceTree = "<group>"; };
		7BFDBCF51D3749A30004416C /* UIView+Helper.h */ = {isa = PBXFileReference; fileEncoding = 4; lastKnownFileType = sourcecode.c.h; name = "UIView+Helper.h"; path = "Category/UIView+Helper.h"; sourceTree = "<group>"; };
		7BFDBCF61D3749A30004416C /* UIView+Helper.m */ = {isa = PBXFileReference; fileEncoding = 4; lastKnownFileType = sourcecode.c.objc; name = "UIView+Helper.m"; path = "Category/UIView+Helper.m"; sourceTree = "<group>"; };
		9823F4FEB204DC5B80781DEB /* libPods-OMDb-iOS.a */ = {isa = PBXFileReference; explicitFileType = archive.ar; includeInIndex = 0; path = "libPods-OMDb-iOS.a"; sourceTree = BUILT_PRODUCTS_DIR; };
		A449491B1DE36FD5001F7C09 /* Pods-OMDb-iOS.debug.xcconfig */ = {isa = PBXFileReference; includeInIndex = 1; lastKnownFileType = text.xcconfig; name = "Pods-OMDb-iOS.debug.xcconfig"; path = "Pods/Target Support Files/Pods-OMDb-iOS/Pods-OMDb-iOS.debug.xcconfig"; sourceTree = "<group>"; };
		AA044E8E58997779D78475AB /* Pods-OMDb-iOS.release.xcconfig */ = {isa = PBXFileReference; includeInIndex = 1; lastKnownFileType = text.xcconfig; name = "Pods-OMDb-iOS.release.xcconfig"; path = "Pods/Target Support Files/Pods-OMDb-iOS/Pods-OMDb-iOS.release.xcconfig"; sourceTree = "<group>"; };
/* End PBXFileReference section */

/* Begin PBXFrameworksBuildPhase section */
		7B3329E81D2968EA00D76A10 /* Frameworks */ = {
			isa = PBXFrameworksBuildPhase;
			buildActionMask = 2147483647;
			files = (
				6526CCADBFCBE16644CE87E8 /* libPods-OMDb-iOS.a in Frameworks */,
			);
			runOnlyForDeploymentPostprocessing = 0;
		};
		7B332A011D2968EA00D76A10 /* Frameworks */ = {
			isa = PBXFrameworksBuildPhase;
			buildActionMask = 2147483647;
			files = (
			);
			runOnlyForDeploymentPostprocessing = 0;
		};
		7B332A0C1D2968EB00D76A10 /* Frameworks */ = {
			isa = PBXFrameworksBuildPhase;
			buildActionMask = 2147483647;
			files = (
			);
			runOnlyForDeploymentPostprocessing = 0;
		};
/* End PBXFrameworksBuildPhase section */

/* Begin PBXGroup section */
		139BE62A0BBA13B9046A530D /* Frameworks */ = {
			isa = PBXGroup;
			children = (
				9823F4FEB204DC5B80781DEB /* libPods-OMDb-iOS.a */,
			);
			name = Frameworks;
			sourceTree = "<group>";
		};
		7834F5708F392F79C3764F0E /* Pods */ = {
			isa = PBXGroup;
			children = (
				A449491B1DE36FD5001F7C09 /* Pods-OMDb-iOS.debug.xcconfig */,
				AA044E8E58997779D78475AB /* Pods-OMDb-iOS.release.xcconfig */,
			);
			name = Pods;
			sourceTree = "<group>";
		};
		7B05C22D1D33E018000ADE2B /* Service */ = {
			isa = PBXGroup;
			children = (
				7B05C22E1D33E031000ADE2B /* GenericService */,
				7B05C2341D33E05A000ADE2B /* MovieService */,
			);
			name = Service;
			sourceTree = "<group>";
		};
		7B05C22E1D33E031000ADE2B /* GenericService */ = {
			isa = PBXGroup;
			children = (
				7B05C22F1D33E055000ADE2B /* GenericService.h */,
				7B05C2301D33E055000ADE2B /* GenericService.m */,
			);
			name = GenericService;
			sourceTree = "<group>";
		};
		7B05C2341D33E05A000ADE2B /* MovieService */ = {
			isa = PBXGroup;
			children = (
				7B05C2351D33E071000ADE2B /* MovieService.h */,
				7B05C2361D33E071000ADE2B /* MovieService.m */,
			);
			name = MovieService;
			sourceTree = "<group>";
		};
		7B05C23A1D33E9F6000ADE2B /* Validator */ = {
			isa = PBXGroup;
			children = (
				7B05C23B1D33EA08000ADE2B /* Validator.h */,
				7B05C23C1D33EA08000ADE2B /* Validator.m */,
			);
			name = Validator;
			sourceTree = "<group>";
		};
		7B0A08801DDFD23C00A64E76 /* Conductor */ = {
			isa = PBXGroup;
			children = (
				7B46F4911DE2793400F31435 /* AddMovieConductor.h */,
				7B46F4921DE2793400F31435 /* AddMovieConductor.m */,
				7B0A08821DDFD26300A64E76 /* MoviesConductor.h */,
				7B0A08831DDFD26300A64E76 /* MoviesConductor.m */,
			);
			name = Conductor;
			sourceTree = "<group>";
		};
		7B26E3201DE1364B0051CBFD /* Conductor */ = {
			isa = PBXGroup;
			children = (
				7B26E3211DE136640051CBFD /* MoviesConductorTests.m */,
			);
			name = Conductor;
			sourceTree = "<group>";
		};
		7B3329E21D2968EA00D76A10 = {
			isa = PBXGroup;
			children = (
				7B3329ED1D2968EA00D76A10 /* OMDb-iOS */,
				7B332A071D2968EA00D76A10 /* OMDb-iOSTests */,
				7B332A121D2968EB00D76A10 /* OMDb-iOSUITests */,
				7B3329EC1D2968EA00D76A10 /* Products */,
				7834F5708F392F79C3764F0E /* Pods */,
				139BE62A0BBA13B9046A530D /* Frameworks */,
			);
			sourceTree = "<group>";
		};
		7B3329EC1D2968EA00D76A10 /* Products */ = {
			isa = PBXGroup;
			children = (
				7B3329EB1D2968EA00D76A10 /* OMDb-iOS.app */,
				7B332A041D2968EA00D76A10 /* OMDb-iOSTests.xctest */,
				7B332A0F1D2968EB00D76A10 /* OMDb-iOSUITests.xctest */,
			);
			name = Products;
			sourceTree = "<group>";
		};
		7B3329ED1D2968EA00D76A10 /* OMDb-iOS */ = {
			isa = PBXGroup;
			children = (
				7B332A211D29696400D76A10 /* AppDelegate */,
				7BFDBCF41D3749800004416C /* Category */,
				7B0A08801DDFD23C00A64E76 /* Conductor */,
				7B332A221D29697100D76A10 /* Controller */,
				7B4087491DDD3F3A0024A579 /* Internacionalization */,
				7B332A601D29A1C400D76A10 /* Model */,
				7B332A241D29699000D76A10 /* Resources */,
				7B05C22D1D33E018000ADE2B /* Service */,
				7B332A231D29697F00D76A10 /* Storyboard */,
				7B332A371D29831100D76A10 /* Util */,
				7B332A401D298CB300D76A10 /* View */,
			);
			path = "OMDb-iOS";
			sourceTree = "<group>";
		};
		7B3329EE1D2968EA00D76A10 /* Supporting Files */ = {
			isa = PBXGroup;
			children = (
				7B3329EF1D2968EA00D76A10 /* main.m */,
			);
			name = "Supporting Files";
			sourceTree = "<group>";
		};
		7B332A071D2968EA00D76A10 /* OMDb-iOSTests */ = {
			isa = PBXGroup;
			children = (
				7B26E3201DE1364B0051CBFD /* Conductor */,
				7B332A301D296B5300D76A10 /* Controller */,
				7B332A0A1D2968EA00D76A10 /* Info.plist */,
				7B332A6B1D29A21000D76A10 /* Model */,
				7B332A3D1D29842300D76A10 /* Util */,
				7B332A471D298D1B00D76A10 /* View */,
			);
			path = "OMDb-iOSTests";
			sourceTree = "<group>";
		};
		7B332A121D2968EB00D76A10 /* OMDb-iOSUITests */ = {
			isa = PBXGroup;
			children = (
				7B332A131D2968EB00D76A10 /* OMDb_iOSUITests.m */,
				7B332A151D2968EB00D76A10 /* Info.plist */,
			);
			path = "OMDb-iOSUITests";
			sourceTree = "<group>";
		};
		7B332A211D29696400D76A10 /* AppDelegate */ = {
			isa = PBXGroup;
			children = (
				7B332A251D296A2E00D76A10 /* AppDelegate.h */,
				7B332A261D296A2E00D76A10 /* AppDelegate.m */,
			);
			name = AppDelegate;
			sourceTree = "<group>";
		};
		7B332A221D29697100D76A10 /* Controller */ = {
			isa = PBXGroup;
			children = (
				7BFDBCEE1D3747780004416C /* AddMovieViewController */,
				7B332A2C1D296B2C00D76A10 /* GenericViewController */,
				7BFDBCE21D373EC20004416C /* MovieDetailViewController */,
				7B332A2B1D296B2000D76A10 /* MoviesViewController */,
			);
			name = Controller;
			sourceTree = "<group>";
		};
		7B332A231D29697F00D76A10 /* Storyboard */ = {
			isa = PBXGroup;
			children = (
				7B3329F71D2968EA00D76A10 /* Main.storyboard */,
				7B3329FC1D2968EA00D76A10 /* LaunchScreen.storyboard */,
			);
			name = Storyboard;
			sourceTree = "<group>";
		};
		7B332A241D29699000D76A10 /* Resources */ = {
			isa = PBXGroup;
			children = (
				7B3329FA1D2968EA00D76A10 /* Assets.xcassets */,
				7B3329FF1D2968EA00D76A10 /* Info.plist */,
				7B3329EE1D2968EA00D76A10 /* Supporting Files */,
			);
			name = Resources;
			sourceTree = "<group>";
		};
		7B332A2B1D296B2000D76A10 /* MoviesViewController */ = {
			isa = PBXGroup;
			children = (
				7B332A281D296A4000D76A10 /* MoviesViewController.h */,
				7B332A291D296A4000D76A10 /* MoviesViewController.m */,
			);
			name = MoviesViewController;
			sourceTree = "<group>";
		};
		7B332A2C1D296B2C00D76A10 /* GenericViewController */ = {
			isa = PBXGroup;
			children = (
				7B332A2D1D296B4700D76A10 /* GenericViewController.h */,
				7B332A2E1D296B4700D76A10 /* GenericViewController.m */,
			);
			name = GenericViewController;
			sourceTree = "<group>";
		};
		7B332A301D296B5300D76A10 /* Controller */ = {
			isa = PBXGroup;
			children = (
				7B332A311D296B7300D76A10 /* GenericViewControllerTests.m */,
				7BFDBCE81D373F040004416C /* MovieDetailViewControllerTests.m */,
				7B332A331D296B8500D76A10 /* MoviesViewControllerTests.m */,
			);
			name = Controller;
			sourceTree = "<group>";
		};
		7B332A371D29831100D76A10 /* Util */ = {
			isa = PBXGroup;
			children = (
				7BFDBCD51D3471D00004416C /* Alert */,
				7BCD45DD1D2C90E9004EF134 /* Connection */,
				7B332A3C1D29840200D76A10 /* Constants */,
				7BFDBCDC1D3728D70004416C /* DeviceInfo */,
				7BFDBCCF1D346D250004416C /* Error */,
				7BCD45E31D2C9122004EF134 /* NetAPIClient */,
				7BCD45E91D2C91D2004EF134 /* Routes */,
				7B05C23A1D33E9F6000ADE2B /* Validator */,
			);
			name = Util;
			sourceTree = "<group>";
		};
		7B332A3C1D29840200D76A10 /* Constants */ = {
			isa = PBXGroup;
			children = (
				7B332A381D29832800D76A10 /* Constants.h */,
				7B332A391D29832800D76A10 /* Constants.m */,
			);
			name = Constants;
			sourceTree = "<group>";
		};
		7B332A3D1D29842300D76A10 /* Util */ = {
			isa = PBXGroup;
			children = (
				7B332A3E1D29843A00D76A10 /* ConstantTests.m */,
			);
			name = Util;
			sourceTree = "<group>";
		};
		7B332A401D298CB300D76A10 /* View */ = {
			isa = PBXGroup;
			children = (
				7B332A411D298CB900D76A10 /* UICollectionViewCell */,
			);
			name = View;
			sourceTree = "<group>";
		};
		7B332A411D298CB900D76A10 /* UICollectionViewCell */ = {
			isa = PBXGroup;
			children = (
				7B332A421D298CC200D76A10 /* GenericCell */,
				7B332A4B1D29943300D76A10 /* MovieCell */,
			);
			name = UICollectionViewCell;
			sourceTree = "<group>";
		};
		7B332A421D298CC200D76A10 /* GenericCell */ = {
			isa = PBXGroup;
			children = (
				7B332A531D2994F400D76A10 /* GenericCell.h */,
				7B332A541D2994F400D76A10 /* GenericCell.m */,
			);
			name = GenericCell;
			sourceTree = "<group>";
		};
		7B332A471D298D1B00D76A10 /* View */ = {
			isa = PBXGroup;
			children = (
				7B332A481D298D1F00D76A10 /* UICollectionViewCell */,
			);
			name = View;
			sourceTree = "<group>";
		};
		7B332A481D298D1F00D76A10 /* UICollectionViewCell */ = {
			isa = PBXGroup;
			children = (
				7B332A491D298D3900D76A10 /* GenericCellTests.m */,
				7B332A5E1D29954800D76A10 /* MovieCellTests.m */,
			);
			name = UICollectionViewCell;
			sourceTree = "<group>";
		};
		7B332A4B1D29943300D76A10 /* MovieCell */ = {
			isa = PBXGroup;
			children = (
				7B332A571D29950400D76A10 /* MovieCell.h */,
				7B332A581D29950400D76A10 /* MovieCell.m */,
				7B332A591D29950400D76A10 /* MovieCell.xib */,
			);
			name = MovieCell;
			sourceTree = "<group>";
		};
		7B332A601D29A1C400D76A10 /* Model */ = {
			isa = PBXGroup;
			children = (
				7B332A621D29A1D200D76A10 /* GenericModel */,
				7B332A611D29A1C900D76A10 /* MovieModel */,
			);
			name = Model;
			sourceTree = "<group>";
		};
		7B332A611D29A1C900D76A10 /* MovieModel */ = {
			isa = PBXGroup;
			children = (
				7B332A671D29A20100D76A10 /* MovieModel.h */,
				7B332A681D29A20100D76A10 /* MovieModel.m */,
			);
			name = MovieModel;
			sourceTree = "<group>";
		};
		7B332A621D29A1D200D76A10 /* GenericModel */ = {
			isa = PBXGroup;
			children = (
				7B332A631D29A1EA00D76A10 /* GenericModel.h */,
				7B332A641D29A1EA00D76A10 /* GenericModel.m */,
			);
			name = GenericModel;
			sourceTree = "<group>";
		};
		7B332A6B1D29A21000D76A10 /* Model */ = {
			isa = PBXGroup;
			children = (
				7B332A6C1D29A22100D76A10 /* GenericModelTests.m */,
				7B332A6E1D29A22B00D76A10 /* MovieModelTests.m */,
			);
			name = Model;
			sourceTree = "<group>";
		};
		7B4087491DDD3F3A0024A579 /* Internacionalization */ = {
			isa = PBXGroup;
			children = (
				7B40874A1DDD3F640024A579 /* Localizable.strings */,
			);
			name = Internacionalization;
			sourceTree = "<group>";
		};
		7BCD45DD1D2C90E9004EF134 /* Connection */ = {
			isa = PBXGroup;
			children = (
				7BCD45DE1D2C9101004EF134 /* Connection.h */,
				7BCD45DF1D2C9101004EF134 /* Connection.m */,
			);
			name = Connection;
			sourceTree = "<group>";
		};
		7BCD45E31D2C9122004EF134 /* NetAPIClient */ = {
			isa = PBXGroup;
			children = (
				7BCD45E41D2C913D004EF134 /* NetAPIClient.h */,
				7BCD45E51D2C913D004EF134 /* NetAPIClient.m */,
			);
			name = NetAPIClient;
			sourceTree = "<group>";
		};
		7BCD45E91D2C91D2004EF134 /* Routes */ = {
			isa = PBXGroup;
			children = (
				7BCD45EA1D2C91E1004EF134 /* Routes.h */,
				7BCD45EB1D2C91E1004EF134 /* Routes.m */,
			);
			name = Routes;
			sourceTree = "<group>";
		};
		7BE933721DE90C4F00A6FE06 /* Reachability */ = {
			isa = PBXGroup;
			children = (
				7BE933731DE90C9400A6FE06 /* Reachability+Helper.h */,
				7BE933741DE90C9400A6FE06 /* Reachability+Helper.m */,
			);
			name = Reachability;
			sourceTree = "<group>";
		};
		7BFDBCCF1D346D250004416C /* Error */ = {
			isa = PBXGroup;
			children = (
				7BFDBCD01D346D410004416C /* Error.h */,
				7BFDBCD11D346D410004416C /* Error.m */,
			);
			name = Error;
			sourceTree = "<group>";
		};
		7BFDBCD51D3471D00004416C /* Alert */ = {
			isa = PBXGroup;
			children = (
				7BFDBCD61D3471DD0004416C /* Alert.h */,
				7BFDBCD71D3471DD0004416C /* Alert.m */,
			);
			name = Alert;
			sourceTree = "<group>";
		};
		7BFDBCDC1D3728D70004416C /* DeviceInfo */ = {
			isa = PBXGroup;
			children = (
				7BFDBCDD1D3728E80004416C /* DeviceInfo.h */,
				7BFDBCDE1D3728E80004416C /* DeviceInfo.m */,
			);
			name = DeviceInfo;
			sourceTree = "<group>";
		};
		7BFDBCE21D373EC20004416C /* MovieDetailViewController */ = {
			isa = PBXGroup;
			children = (
				7BFDBCE31D373EE10004416C /* MovieDetailViewController.h */,
				7BFDBCE41D373EE10004416C /* MovieDetailViewController.m */,
			);
			name = MovieDetailViewController;
			sourceTree = "<group>";
		};
		7BFDBCEE1D3747780004416C /* AddMovieViewController */ = {
			isa = PBXGroup;
			children = (
				7BFDBCEF1D3747980004416C /* AddMovieViewController.h */,
				7BFDBCF01D3747980004416C /* AddMovieViewController.m */,
			);
			name = AddMovieViewController;
			sourceTree = "<group>";
		};
		7BFDBCF41D3749800004416C /* Category */ = {
			isa = PBXGroup;
			children = (
				7BE933721DE90C4F00A6FE06 /* Reachability */,
				7BFDBCFA1D3749F70004416C /* UIView */,
			);
			name = Category;
			sourceTree = "<group>";
		};
		7BFDBCFA1D3749F70004416C /* UIView */ = {
			isa = PBXGroup;
			children = (
				7BFDBCF51D3749A30004416C /* UIView+Helper.h */,
				7BFDBCF61D3749A30004416C /* UIView+Helper.m */,
			);
			name = UIView;
			sourceTree = "<group>";
		};
/* End PBXGroup section */

/* Begin PBXNativeTarget section */
		7B3329EA1D2968EA00D76A10 /* OMDb-iOS */ = {
			isa = PBXNativeTarget;
			buildConfigurationList = 7B332A181D2968EB00D76A10 /* Build configuration list for PBXNativeTarget "OMDb-iOS" */;
			buildPhases = (
				1F5C0AA7FE091DBEDD581A7F /* [CP] Check Pods Manifest.lock */,
				7B3329E71D2968EA00D76A10 /* Sources */,
				7B3329E81D2968EA00D76A10 /* Frameworks */,
				7B3329E91D2968EA00D76A10 /* Resources */,
				5A765A22179391854A90F256 /* [CP] Embed Pods Frameworks */,
				749CFEE0B211093023149B56 /* [CP] Copy Pods Resources */,
			);
			buildRules = (
			);
			dependencies = (
			);
			name = "OMDb-iOS";
			productName = "OMDb-iOS";
			productReference = 7B3329EB1D2968EA00D76A10 /* OMDb-iOS.app */;
			productType = "com.apple.product-type.application";
		};
		7B332A031D2968EA00D76A10 /* OMDb-iOSTests */ = {
			isa = PBXNativeTarget;
			buildConfigurationList = 7B332A1B1D2968EB00D76A10 /* Build configuration list for PBXNativeTarget "OMDb-iOSTests" */;
			buildPhases = (
				7B332A001D2968EA00D76A10 /* Sources */,
				7B332A011D2968EA00D76A10 /* Frameworks */,
				7B332A021D2968EA00D76A10 /* Resources */,
			);
			buildRules = (
			);
			dependencies = (
				7B332A061D2968EA00D76A10 /* PBXTargetDependency */,
			);
			name = "OMDb-iOSTests";
			productName = "OMDb-iOSTests";
			productReference = 7B332A041D2968EA00D76A10 /* OMDb-iOSTests.xctest */;
			productType = "com.apple.product-type.bundle.unit-test";
		};
		7B332A0E1D2968EB00D76A10 /* OMDb-iOSUITests */ = {
			isa = PBXNativeTarget;
			buildConfigurationList = 7B332A1E1D2968EB00D76A10 /* Build configuration list for PBXNativeTarget "OMDb-iOSUITests" */;
			buildPhases = (
				7B332A0B1D2968EB00D76A10 /* Sources */,
				7B332A0C1D2968EB00D76A10 /* Frameworks */,
				7B332A0D1D2968EB00D76A10 /* Resources */,
			);
			buildRules = (
			);
			dependencies = (
				7B332A111D2968EB00D76A10 /* PBXTargetDependency */,
			);
			name = "OMDb-iOSUITests";
			productName = "OMDb-iOSUITests";
			productReference = 7B332A0F1D2968EB00D76A10 /* OMDb-iOSUITests.xctest */;
			productType = "com.apple.product-type.bundle.ui-testing";
		};
/* End PBXNativeTarget section */

/* Begin PBXProject section */
		7B3329E31D2968EA00D76A10 /* Project object */ = {
			isa = PBXProject;
			attributes = {
				LastUpgradeCheck = 0810;
				ORGANIZATIONNAME = "Jhonathan Wyterlin";
				TargetAttributes = {
					7B3329EA1D2968EA00D76A10 = {
						CreatedOnToolsVersion = 7.3.1;
					};
					7B332A031D2968EA00D76A10 = {
						CreatedOnToolsVersion = 7.3.1;
						TestTargetID = 7B3329EA1D2968EA00D76A10;
					};
					7B332A0E1D2968EB00D76A10 = {
						CreatedOnToolsVersion = 7.3.1;
						TestTargetID = 7B3329EA1D2968EA00D76A10;
					};
				};
			};
			buildConfigurationList = 7B3329E61D2968EA00D76A10 /* Build configuration list for PBXProject "OMDb-iOS" */;
			compatibilityVersion = "Xcode 3.2";
			developmentRegion = English;
			hasScannedForEncodings = 0;
			knownRegions = (
				en,
				Base,
			);
			mainGroup = 7B3329E21D2968EA00D76A10;
			productRefGroup = 7B3329EC1D2968EA00D76A10 /* Products */;
			projectDirPath = "";
			projectRoot = "";
			targets = (
				7B3329EA1D2968EA00D76A10 /* OMDb-iOS */,
				7B332A031D2968EA00D76A10 /* OMDb-iOSTests */,
				7B332A0E1D2968EB00D76A10 /* OMDb-iOSUITests */,
			);
		};
/* End PBXProject section */

/* Begin PBXResourcesBuildPhase section */
		7B3329E91D2968EA00D76A10 /* Resources */ = {
			isa = PBXResourcesBuildPhase;
			buildActionMask = 2147483647;
			files = (
				7B40874B1DDD3F640024A579 /* Localizable.strings in Resources */,
				7B3329FE1D2968EA00D76A10 /* LaunchScreen.storyboard in Resources */,
				7B3329FB1D2968EA00D76A10 /* Assets.xcassets in Resources */,
				7B3329F91D2968EA00D76A10 /* Main.storyboard in Resources */,
				7B332A5C1D29950400D76A10 /* MovieCell.xib in Resources */,
			);
			runOnlyForDeploymentPostprocessing = 0;
		};
		7B332A021D2968EA00D76A10 /* Resources */ = {
			isa = PBXResourcesBuildPhase;
			buildActionMask = 2147483647;
			files = (
				7B332A5D1D29950400D76A10 /* MovieCell.xib in Resources */,
				7B40874C1DDD3F640024A579 /* Localizable.strings in Resources */,
			);
			runOnlyForDeploymentPostprocessing = 0;
		};
		7B332A0D1D2968EB00D76A10 /* Resources */ = {
			isa = PBXResourcesBuildPhase;
			buildActionMask = 2147483647;
			files = (
				7B40874D1DDD3F640024A579 /* Localizable.strings in Resources */,
			);
			runOnlyForDeploymentPostprocessing = 0;
		};
/* End PBXResourcesBuildPhase section */

/* Begin PBXShellScriptBuildPhase section */
		1F5C0AA7FE091DBEDD581A7F /* [CP] Check Pods Manifest.lock */ = {
			isa = PBXShellScriptBuildPhase;
			buildActionMask = 2147483647;
			files = (
			);
			inputPaths = (
			);
			name = "[CP] Check Pods Manifest.lock";
			outputPaths = (
			);
			runOnlyForDeploymentPostprocessing = 0;
			shellPath = /bin/sh;
			shellScript = "diff \"${PODS_ROOT}/../Podfile.lock\" \"${PODS_ROOT}/Manifest.lock\" > /dev/null\nif [[ $? != 0 ]] ; then\n    cat << EOM\nerror: The sandbox is not in sync with the Podfile.lock. Run 'pod install' or update your CocoaPods installation.\nEOM\n    exit 1\nfi\n";
			showEnvVarsInLog = 0;
		};
		5A765A22179391854A90F256 /* [CP] Embed Pods Frameworks */ = {
			isa = PBXShellScriptBuildPhase;
			buildActionMask = 2147483647;
			files = (
			);
			inputPaths = (
			);
			name = "[CP] Embed Pods Frameworks";
			outputPaths = (
			);
			runOnlyForDeploymentPostprocessing = 0;
			shellPath = /bin/sh;
			shellScript = "\"${SRCROOT}/Pods/Target Support Files/Pods-OMDb-iOS/Pods-OMDb-iOS-frameworks.sh\"\n";
			showEnvVarsInLog = 0;
		};
		749CFEE0B211093023149B56 /* [CP] Copy Pods Resources */ = {
			isa = PBXShellScriptBuildPhase;
			buildActionMask = 2147483647;
			files = (
			);
			inputPaths = (
			);
			name = "[CP] Copy Pods Resources";
			outputPaths = (
			);
			runOnlyForDeploymentPostprocessing = 0;
			shellPath = /bin/sh;
			shellScript = "\"${SRCROOT}/Pods/Target Support Files/Pods-OMDb-iOS/Pods-OMDb-iOS-resources.sh\"\n";
			showEnvVarsInLog = 0;
		};
/* End PBXShellScriptBuildPhase section */

/* Begin PBXSourcesBuildPhase section */
		7B3329E71D2968EA00D76A10 /* Sources */ = {
			isa = PBXSourcesBuildPhase;
			buildActionMask = 2147483647;
			files = (
				7BFDBCE51D373EE10004416C /* MovieDetailViewController.m in Sources */,
				7B332A3A1D29832800D76A10 /* Constants.m in Sources */,
				7B332A271D296A2E00D76A10 /* AppDelegate.m in Sources */,
				7B332A2A1D296A4000D76A10 /* MoviesViewController.m in Sources */,
				7B05C2311D33E055000ADE2B /* GenericService.m in Sources */,
				7B332A2F1D296B4700D76A10 /* GenericViewController.m in Sources */,
				7B332A691D29A20100D76A10 /* MovieModel.m in Sources */,
				7B46F4931DE2793400F31435 /* AddMovieConductor.m in Sources */,
				7BFDBCD81D3471DD0004416C /* Alert.m in Sources */,
				7B332A551D2994F400D76A10 /* GenericCell.m in Sources */,
				7B05C23D1D33EA08000ADE2B /* Validator.m in Sources */,
				7B332A5A1D29950400D76A10 /* MovieCell.m in Sources */,
				7B05C2371D33E071000ADE2B /* MovieService.m in Sources */,
				7BCD45E61D2C913D004EF134 /* NetAPIClient.m in Sources */,
				7B3329F01D2968EA00D76A10 /* main.m in Sources */,
				7BFDBCD21D346D410004416C /* Error.m in Sources */,
				7BFDBCF11D3747980004416C /* AddMovieViewController.m in Sources */,
				7B0A08841DDFD26300A64E76 /* MoviesConductor.m in Sources */,
				7BCD45EC1D2C91E1004EF134 /* Routes.m in Sources */,
				7BFDBCDF1D3728E80004416C /* DeviceInfo.m in Sources */,
				7BE933751DE90C9400A6FE06 /* Reachability+Helper.m in Sources */,
				7B332A651D29A1EA00D76A10 /* GenericModel.m in Sources */,
				7BCD45E01D2C9101004EF134 /* Connection.m in Sources */,
				7BFDBCF71D3749A30004416C /* UIView+Helper.m in Sources */,
			);
			runOnlyForDeploymentPostprocessing = 0;
		};
		7B332A001D2968EA00D76A10 /* Sources */ = {
			isa = PBXSourcesBuildPhase;
			buildActionMask = 2147483647;
			files = (
				7B0A08851DDFD26300A64E76 /* MoviesConductor.m in Sources */,
				7BFDBCE61D373EE10004416C /* MovieDetailViewController.m in Sources */,
				7BFDBCD31D346D410004416C /* Error.m in Sources */,
				7B332A3B1D29832800D76A10 /* Constants.m in Sources */,
				7B332A661D29A1EA00D76A10 /* GenericModel.m in Sources */,
				7B332A6F1D29A22B00D76A10 /* MovieModelTests.m in Sources */,
				7B332A341D296B8500D76A10 /* MoviesViewControllerTests.m in Sources */,
				7B332A561D2994F400D76A10 /* GenericCell.m in Sources */,
				7BFDBCE91D373F040004416C /* MovieDetailViewControllerTests.m in Sources */,
				7B332A6A1D29A20100D76A10 /* MovieModel.m in Sources */,
				7BCD45ED1D2C91E1004EF134 /* Routes.m in Sources */,
				7B332A321D296B7300D76A10 /* GenericViewControllerTests.m in Sources */,
				7BFDBCF81D3749A30004416C /* UIView+Helper.m in Sources */,
				7B332A3F1D29843A00D76A10 /* ConstantTests.m in Sources */,
				7B05C2381D33E071000ADE2B /* MovieService.m in Sources */,
				7BFDBCE01D3728E80004416C /* DeviceInfo.m in Sources */,
				7B332A4A1D298D3900D76A10 /* GenericCellTests.m in Sources */,
				7BCD45E71D2C913D004EF134 /* NetAPIClient.m in Sources */,
				7B05C23E1D33EA08000ADE2B /* Validator.m in Sources */,
				7BFDBCD91D3471DD0004416C /* Alert.m in Sources */,
				7B46F4941DE2793400F31435 /* AddMovieConductor.m in Sources */,
				7B332A5F1D29954800D76A10 /* MovieCellTests.m in Sources */,
				7BFDBCF21D3747980004416C /* AddMovieViewController.m in Sources */,
				7BE933761DE90C9400A6FE06 /* Reachability+Helper.m in Sources */,
				7B332A5B1D29950400D76A10 /* MovieCell.m in Sources */,
				7B332A361D296BB500D76A10 /* MoviesViewController.m in Sources */,
				7B332A6D1D29A22100D76A10 /* GenericModelTests.m in Sources */,
				7B05C2321D33E055000ADE2B /* GenericService.m in Sources */,
				7B26E3221DE136640051CBFD /* MoviesConductorTests.m in Sources */,
				7B332A351D296BB000D76A10 /* GenericViewController.m in Sources */,
				7BCD45E11D2C9101004EF134 /* Connection.m in Sources */,
			);
			runOnlyForDeploymentPostprocessing = 0;
		};
		7B332A0B1D2968EB00D76A10 /* Sources */ = {
			isa = PBXSourcesBuildPhase;
			buildActionMask = 2147483647;
			files = (
				7BE933771DE90C9400A6FE06 /* Reachability+Helper.m in Sources */,
				7BFDBCEB1D3740660004416C /* MovieModel.m in Sources */,
				7BFDBCDA1D3471DD0004416C /* Alert.m in Sources */,
				7B332A141D2968EB00D76A10 /* OMDb_iOSUITests.m in Sources */,
				7BFDBCEA1D37405B0004416C /* GenericViewController.m in Sources */,
				7B0A08861DDFD26300A64E76 /* MoviesConductor.m in Sources */,
				7B05C23F1D33EA08000ADE2B /* Validator.m in Sources */,
				7BFDBCEC1D37406F0004416C /* Constants.m in Sources */,
				7BFDBCE71D373EE10004416C /* MovieDetailViewController.m in Sources */,
				7BFDBCED1D3740840004416C /* GenericModel.m in Sources */,
				7BCD45EE1D2C91E1004EF134 /* Routes.m in Sources */,
				7BCD45E21D2C9101004EF134 /* Connection.m in Sources */,
				7BFDBCD41D346D410004416C /* Error.m in Sources */,
				7BFDBCF31D3747980004416C /* AddMovieViewController.m in Sources */,
				7B05C2331D33E055000ADE2B /* GenericService.m in Sources */,
				7B46F4951DE2793400F31435 /* AddMovieConductor.m in Sources */,
				7BFDBCF91D3749A30004416C /* UIView+Helper.m in Sources */,
				7BFDBCE11D3728E80004416C /* DeviceInfo.m in Sources */,
				7B05C2391D33E071000ADE2B /* MovieService.m in Sources */,
				7BCD45E81D2C913D004EF134 /* NetAPIClient.m in Sources */,
			);
			runOnlyForDeploymentPostprocessing = 0;
		};
/* End PBXSourcesBuildPhase section */

/* Begin PBXTargetDependency section */
		7B332A061D2968EA00D76A10 /* PBXTargetDependency */ = {
			isa = PBXTargetDependency;
			target = 7B3329EA1D2968EA00D76A10 /* OMDb-iOS */;
			targetProxy = 7B332A051D2968EA00D76A10 /* PBXContainerItemProxy */;
		};
		7B332A111D2968EB00D76A10 /* PBXTargetDependency */ = {
			isa = PBXTargetDependency;
			target = 7B3329EA1D2968EA00D76A10 /* OMDb-iOS */;
			targetProxy = 7B332A101D2968EB00D76A10 /* PBXContainerItemProxy */;
		};
/* End PBXTargetDependency section */

/* Begin PBXVariantGroup section */
		7B3329F71D2968EA00D76A10 /* Main.storyboard */ = {
			isa = PBXVariantGroup;
			children = (
				7B3329F81D2968EA00D76A10 /* Base */,
			);
			name = Main.storyboard;
			sourceTree = "<group>";
		};
		7B3329FC1D2968EA00D76A10 /* LaunchScreen.storyboard */ = {
			isa = PBXVariantGroup;
			children = (
				7B3329FD1D2968EA00D76A10 /* Base */,
			);
			name = LaunchScreen.storyboard;
			sourceTree = "<group>";
		};
/* End PBXVariantGroup section */

/* Begin XCBuildConfiguration section */
		7B332A161D2968EB00D76A10 /* Debug */ = {
			isa = XCBuildConfiguration;
			buildSettings = {
				ALWAYS_SEARCH_USER_PATHS = NO;
				CLANG_ANALYZER_NONNULL = YES;
				CLANG_CXX_LANGUAGE_STANDARD = "gnu++0x";
				CLANG_CXX_LIBRARY = "libc++";
				CLANG_ENABLE_MODULES = YES;
				CLANG_ENABLE_OBJC_ARC = YES;
				CLANG_WARN_BOOL_CONVERSION = YES;
				CLANG_WARN_CONSTANT_CONVERSION = YES;
				CLANG_WARN_DIRECT_OBJC_ISA_USAGE = YES_ERROR;
				CLANG_WARN_EMPTY_BODY = YES;
				CLANG_WARN_ENUM_CONVERSION = YES;
				CLANG_WARN_INFINITE_RECURSION = YES;
				CLANG_WARN_INT_CONVERSION = YES;
				CLANG_WARN_OBJC_ROOT_CLASS = YES_ERROR;
				CLANG_WARN_SUSPICIOUS_MOVE = YES;
				CLANG_WARN_UNREACHABLE_CODE = YES;
				CLANG_WARN__DUPLICATE_METHOD_MATCH = YES;
				"CODE_SIGN_IDENTITY[sdk=iphoneos*]" = "iPhone Developer";
				COPY_PHASE_STRIP = NO;
				DEBUG_INFORMATION_FORMAT = dwarf;
				ENABLE_STRICT_OBJC_MSGSEND = YES;
				ENABLE_TESTABILITY = YES;
				GCC_C_LANGUAGE_STANDARD = gnu99;
				GCC_DYNAMIC_NO_PIC = NO;
				GCC_NO_COMMON_BLOCKS = YES;
				GCC_OPTIMIZATION_LEVEL = 0;
				GCC_PREPROCESSOR_DEFINITIONS = (
					"DEBUG=1",
					"$(inherited)",
				);
				GCC_WARN_64_TO_32_BIT_CONVERSION = YES;
				GCC_WARN_ABOUT_RETURN_TYPE = YES_ERROR;
				GCC_WARN_UNDECLARED_SELECTOR = YES;
				GCC_WARN_UNINITIALIZED_AUTOS = YES_AGGRESSIVE;
				GCC_WARN_UNUSED_FUNCTION = YES;
				GCC_WARN_UNUSED_VARIABLE = YES;
				IPHONEOS_DEPLOYMENT_TARGET = 9.3;
				MTL_ENABLE_DEBUG_INFO = YES;
				ONLY_ACTIVE_ARCH = YES;
				SDKROOT = iphoneos;
				TARGETED_DEVICE_FAMILY = "1,2";
			};
			name = Debug;
		};
		7B332A171D2968EB00D76A10 /* Release */ = {
			isa = XCBuildConfiguration;
			buildSettings = {
				ALWAYS_SEARCH_USER_PATHS = NO;
				CLANG_ANALYZER_NONNULL = YES;
				CLANG_CXX_LANGUAGE_STANDARD = "gnu++0x";
				CLANG_CXX_LIBRARY = "libc++";
				CLANG_ENABLE_MODULES = YES;
				CLANG_ENABLE_OBJC_ARC = YES;
				CLANG_WARN_BOOL_CONVERSION = YES;
				CLANG_WARN_CONSTANT_CONVERSION = YES;
				CLANG_WARN_DIRECT_OBJC_ISA_USAGE = YES_ERROR;
				CLANG_WARN_EMPTY_BODY = YES;
				CLANG_WARN_ENUM_CONVERSION = YES;
				CLANG_WARN_INFINITE_RECURSION = YES;
				CLANG_WARN_INT_CONVERSION = YES;
				CLANG_WARN_OBJC_ROOT_CLASS = YES_ERROR;
				CLANG_WARN_SUSPICIOUS_MOVE = YES;
				CLANG_WARN_UNREACHABLE_CODE = YES;
				CLANG_WARN__DUPLICATE_METHOD_MATCH = YES;
				"CODE_SIGN_IDENTITY[sdk=iphoneos*]" = "iPhone Developer";
				COPY_PHASE_STRIP = NO;
				DEBUG_INFORMATION_FORMAT = "dwarf-with-dsym";
				ENABLE_NS_ASSERTIONS = NO;
				ENABLE_STRICT_OBJC_MSGSEND = YES;
				GCC_C_LANGUAGE_STANDARD = gnu99;
				GCC_NO_COMMON_BLOCKS = YES;
				GCC_WARN_64_TO_32_BIT_CONVERSION = YES;
				GCC_WARN_ABOUT_RETURN_TYPE = YES_ERROR;
				GCC_WARN_UNDECLARED_SELECTOR = YES;
				GCC_WARN_UNINITIALIZED_AUTOS = YES_AGGRESSIVE;
				GCC_WARN_UNUSED_FUNCTION = YES;
				GCC_WARN_UNUSED_VARIABLE = YES;
				IPHONEOS_DEPLOYMENT_TARGET = 9.3;
				MTL_ENABLE_DEBUG_INFO = NO;
				SDKROOT = iphoneos;
				TARGETED_DEVICE_FAMILY = "1,2";
				VALIDATE_PRODUCT = YES;
			};
			name = Release;
		};
		7B332A191D2968EB00D76A10 /* Debug */ = {
			isa = XCBuildConfiguration;
			baseConfigurationReference = A449491B1DE36FD5001F7C09 /* Pods-OMDb-iOS.debug.xcconfig */;
			buildSettings = {
				ASSETCATALOG_COMPILER_APPICON_NAME = AppIcon;
				INFOPLIST_FILE = "OMDb-iOS/Info.plist";
				LD_RUNPATH_SEARCH_PATHS = "$(inherited) @executable_path/Frameworks";
				PRODUCT_BUNDLE_IDENTIFIER = "com.jhonathanwyterlin.OMDb-iOS";
				PRODUCT_NAME = "$(TARGET_NAME)";
			};
			name = Debug;
		};
		7B332A1A1D2968EB00D76A10 /* Release */ = {
			isa = XCBuildConfiguration;
			baseConfigurationReference = AA044E8E58997779D78475AB /* Pods-OMDb-iOS.release.xcconfig */;
			buildSettings = {
				ASSETCATALOG_COMPILER_APPICON_NAME = AppIcon;
				INFOPLIST_FILE = "OMDb-iOS/Info.plist";
				LD_RUNPATH_SEARCH_PATHS = "$(inherited) @executable_path/Frameworks";
				PRODUCT_BUNDLE_IDENTIFIER = "com.jhonathanwyterlin.OMDb-iOS";
				PRODUCT_NAME = "$(TARGET_NAME)";
			};
			name = Release;
		};
		7B332A1C1D2968EB00D76A10 /* Debug */ = {
			isa = XCBuildConfiguration;
			buildSettings = {
				BUNDLE_LOADER = "$(TEST_HOST)";
				GCC_PREPROCESSOR_DEFINITIONS = (
					"DEBUG=1",
					"TEST=1",
				);
				INFOPLIST_FILE = "OMDb-iOSTests/Info.plist";
				LD_RUNPATH_SEARCH_PATHS = "$(inherited) @executable_path/Frameworks @loader_path/Frameworks";
				PRODUCT_BUNDLE_IDENTIFIER = "com.jhonathanwyterlin.OMDb-iOSTests";
				PRODUCT_NAME = "$(TARGET_NAME)";
				TEST_HOST = "$(BUILT_PRODUCTS_DIR)/OMDb-iOS.app/OMDb-iOS";
			};
			name = Debug;
		};
		7B332A1D1D2968EB00D76A10 /* Release */ = {
			isa = XCBuildConfiguration;
			buildSettings = {
				BUNDLE_LOADER = "$(TEST_HOST)";
				INFOPLIST_FILE = "OMDb-iOSTests/Info.plist";
				LD_RUNPATH_SEARCH_PATHS = "$(inherited) @executable_path/Frameworks @loader_path/Frameworks";
				PRODUCT_BUNDLE_IDENTIFIER = "com.jhonathanwyterlin.OMDb-iOSTests";
				PRODUCT_NAME = "$(TARGET_NAME)";
				TEST_HOST = "$(BUILT_PRODUCTS_DIR)/OMDb-iOS.app/OMDb-iOS";
			};
			name = Release;
		};
		7B332A1F1D2968EB00D76A10 /* Debug */ = {
			isa = XCBuildConfiguration;
			buildSettings = {
				INFOPLIST_FILE = "OMDb-iOSUITests/Info.plist";
				LD_RUNPATH_SEARCH_PATHS = "$(inherited) @executable_path/Frameworks @loader_path/Frameworks";
				PRODUCT_BUNDLE_IDENTIFIER = "com.jhonathanwyterlin.OMDb-iOSUITests";
				PRODUCT_NAME = "$(TARGET_NAME)";
				TEST_TARGET_NAME = "OMDb-iOS";
			};
			name = Debug;
		};
		7B332A201D2968EB00D76A10 /* Release */ = {
			isa = XCBuildConfiguration;
			buildSettings = {
				INFOPLIST_FILE = "OMDb-iOSUITests/Info.plist";
				LD_RUNPATH_SEARCH_PATHS = "$(inherited) @executable_path/Frameworks @loader_path/Frameworks";
				PRODUCT_BUNDLE_IDENTIFIER = "com.jhonathanwyterlin.OMDb-iOSUITests";
				PRODUCT_NAME = "$(TARGET_NAME)";
				TEST_TARGET_NAME = "OMDb-iOS";
			};
			name = Release;
		};
/* End XCBuildConfiguration section */

/* Begin XCConfigurationList section */
		7B3329E61D2968EA00D76A10 /* Build configuration list for PBXProject "OMDb-iOS" */ = {
			isa = XCConfigurationList;
			buildConfigurations = (
				7B332A161D2968EB00D76A10 /* Debug */,
				7B332A171D2968EB00D76A10 /* Release */,
			);
			defaultConfigurationIsVisible = 0;
			defaultConfigurationName = Release;
		};
		7B332A181D2968EB00D76A10 /* Build configuration list for PBXNativeTarget "OMDb-iOS" */ = {
			isa = XCConfigurationList;
			buildConfigurations = (
				7B332A191D2968EB00D76A10 /* Debug */,
				7B332A1A1D2968EB00D76A10 /* Release */,
			);
			defaultConfigurationIsVisible = 0;
			defaultConfigurationName = Release;
		};
		7B332A1B1D2968EB00D76A10 /* Build configuration list for PBXNativeTarget "OMDb-iOSTests" */ = {
			isa = XCConfigurationList;
			buildConfigurations = (
				7B332A1C1D2968EB00D76A10 /* Debug */,
				7B332A1D1D2968EB00D76A10 /* Release */,
			);
			defaultConfigurationIsVisible = 0;
			defaultConfigurationName = Release;
		};
		7B332A1E1D2968EB00D76A10 /* Build configuration list for PBXNativeTarget "OMDb-iOSUITests" */ = {
			isa = XCConfigurationList;
			buildConfigurations = (
				7B332A1F1D2968EB00D76A10 /* Debug */,
				7B332A201D2968EB00D76A10 /* Release */,
			);
			defaultConfigurationIsVisible = 0;
			defaultConfigurationName = Release;
		};
/* End XCConfigurationList section */
	};
	rootObject = 7B3329E31D2968EA00D76A10 /* Project object */;
}
